// !$*UTF8*$!
{
	archiveVersion = 1;
	classes = {
	};
	objectVersion = 52;
	objects = {

/* Begin PBXBuildFile section */
		102B2A62178A42539B957E64 /* Pods_ConnectZen.framework in Frameworks */ = {isa = PBXBuildFile; fileRef = 39A789680A611C5450201D39 /* Pods_ConnectZen.framework */; };
		22121FE92558B3EC0001BC05 /* TimeDayPrefViewController.swift in Sources */ = {isa = PBXBuildFile; fileRef = 22121FE82558B3EC0001BC05 /* TimeDayPrefViewController.swift */; };
		221E32D1254804A200310713 /* DesignableView.swift in Sources */ = {isa = PBXBuildFile; fileRef = 221E32D0254804A200310713 /* DesignableView.swift */; };
		221E32D92548061000310713 /* PopUpViewController.swift in Sources */ = {isa = PBXBuildFile; fileRef = 221E32D82548061000310713 /* PopUpViewController.swift */; };
		221E32DE2548ED0900310713 /* ContactsViewController.swift in Sources */ = {isa = PBXBuildFile; fileRef = 221E32DD2548ED0900310713 /* ContactsViewController.swift */; };
		221EE20625858A8B00FEEB6D /* TestingViewController.swift in Sources */ = {isa = PBXBuildFile; fileRef = 221EE20525858A8B00FEEB6D /* TestingViewController.swift */; };
		221EE20B25859EE400FEEB6D /* LoginNavigationViewController.swift in Sources */ = {isa = PBXBuildFile; fileRef = 221EE20A25859EE400FEEB6D /* LoginNavigationViewController.swift */; };
		223DACE525620B99001FF194 /* UserPrefDayTime.storyboard in Resources */ = {isa = PBXBuildFile; fileRef = 223DACE425620B99001FF194 /* UserPrefDayTime.storyboard */; };
		223DACEA25620C78001FF194 /* UserPrefDayTimePopUpViewController.swift in Sources */ = {isa = PBXBuildFile; fileRef = 223DACE925620C78001FF194 /* UserPrefDayTimePopUpViewController.swift */; };
		225637EB25818356009DD435 /* CalendarFunctions.swift in Sources */ = {isa = PBXBuildFile; fileRef = 225637EA25818356009DD435 /* CalendarFunctions.swift */; };
		225637ED2582F04C009DD435 /* TabBarViewController.swift in Sources */ = {isa = PBXBuildFile; fileRef = 225637EC2582F04C009DD435 /* TabBarViewController.swift */; };
		225637EF258303F7009DD435 /* SettingsMenuViewController.swift in Sources */ = {isa = PBXBuildFile; fileRef = 225637EE258303F7009DD435 /* SettingsMenuViewController.swift */; };
		226E5E11254B901700834214 /* ContactTableViewCell.swift in Sources */ = {isa = PBXBuildFile; fileRef = 226E5E10254B901700834214 /* ContactTableViewCell.swift */; };
		226E5E14254BBA7900834214 /* ConstantStructs.swift in Sources */ = {isa = PBXBuildFile; fileRef = 226E5E13254BBA7900834214 /* ConstantStructs.swift */; };
		2272E0602569F14F003AE627 /* EventsViewController.swift in Sources */ = {isa = PBXBuildFile; fileRef = 2272E05F2569F14F003AE627 /* EventsViewController.swift */; };
		2272E0622569F17C003AE627 /* EventTableViewCell.swift in Sources */ = {isa = PBXBuildFile; fileRef = 2272E0612569F17C003AE627 /* EventTableViewCell.swift */; };
		22C809492541FF0000BB1C18 /* RegisterViewController.swift in Sources */ = {isa = PBXBuildFile; fileRef = 22C809482541FF0000BB1C18 /* RegisterViewController.swift */; };
		22D4C35F25315BD10028A57D /* AppDelegate.swift in Sources */ = {isa = PBXBuildFile; fileRef = 22D4C35E25315BD10028A57D /* AppDelegate.swift */; };
		22D4C36125315BD10028A57D /* SceneDelegate.swift in Sources */ = {isa = PBXBuildFile; fileRef = 22D4C36025315BD10028A57D /* SceneDelegate.swift */; };
		22D4C36325315BD10028A57D /* LoginViewController.swift in Sources */ = {isa = PBXBuildFile; fileRef = 22D4C36225315BD10028A57D /* LoginViewController.swift */; };
		22D4C36625315BD10028A57D /* Main.storyboard in Resources */ = {isa = PBXBuildFile; fileRef = 22D4C36425315BD10028A57D /* Main.storyboard */; };
		22D4C36825315BD30028A57D /* Assets.xcassets in Resources */ = {isa = PBXBuildFile; fileRef = 22D4C36725315BD30028A57D /* Assets.xcassets */; };
		22D4C36B25315BD30028A57D /* LaunchScreen.storyboard in Resources */ = {isa = PBXBuildFile; fileRef = 22D4C36925315BD30028A57D /* LaunchScreen.storyboard */; };
		22D4C37625315BD30028A57D /* ConnectZenTests.swift in Sources */ = {isa = PBXBuildFile; fileRef = 22D4C37525315BD30028A57D /* ConnectZenTests.swift */; };
		22D4C38125315BD30028A57D /* ConnectZenUITests.swift in Sources */ = {isa = PBXBuildFile; fileRef = 22D4C38025315BD30028A57D /* ConnectZenUITests.swift */; };
		22E911652550F69000A00F00 /* ManualContactsViewController.swift in Sources */ = {isa = PBXBuildFile; fileRef = 22E911642550F69000A00F00 /* ManualContactsViewController.swift */; };
		22E911682551E36E00A00F00 /* UtilityFunctions.swift in Sources */ = {isa = PBXBuildFile; fileRef = 22E911672551E36E00A00F00 /* UtilityFunctions.swift */; };
		22FFCD242563162C00A280F4 /* Constants.swift in Sources */ = {isa = PBXBuildFile; fileRef = 22FFCD232563162C00A280F4 /* Constants.swift */; };
		22FFCD26256318CC00A280F4 /* PrefDayTimeTableViewCell.swift in Sources */ = {isa = PBXBuildFile; fileRef = 22FFCD25256318CC00A280F4 /* PrefDayTimeTableViewCell.swift */; };
		22FFCD2825671A5C00A280F4 /* SchedulingActivityViewController.swift in Sources */ = {isa = PBXBuildFile; fileRef = 22FFCD2725671A5C00A280F4 /* SchedulingActivityViewController.swift */; };
		97B94D01CA825C2E999F0346 /* Pods_ConnectZenTests.framework in Frameworks */ = {isa = PBXBuildFile; fileRef = 86AEFA305D4B19BB93D3E5E7 /* Pods_ConnectZenTests.framework */; };
		B615D632257EA3C1000866F2 /* MonthViewController.swift in Sources */ = {isa = PBXBuildFile; fileRef = B615D631257EA3C1000866F2 /* MonthViewController.swift */; };
		B615D637257EA3CF000866F2 /* YearViewController.swift in Sources */ = {isa = PBXBuildFile; fileRef = B615D636257EA3CF000866F2 /* YearViewController.swift */; };
		B615D63C257EE4D1000866F2 /* BalloonMarker.swift in Sources */ = {isa = PBXBuildFile; fileRef = B615D63B257EE4D1000866F2 /* BalloonMarker.swift */; };
		B615D641257F1933000866F2 /* Quotes.json in Resources */ = {isa = PBXBuildFile; fileRef = B615D640257F1933000866F2 /* Quotes.json */; };
		B615D64625802477000866F2 /* ViewAndEditFriendsViewController.swift in Sources */ = {isa = PBXBuildFile; fileRef = B615D64525802477000866F2 /* ViewAndEditFriendsViewController.swift */; };
		B615D64B25806FEE000866F2 /* ContactsTableCell.swift in Sources */ = {isa = PBXBuildFile; fileRef = B615D64A25806FED000866F2 /* ContactsTableCell.swift */; };
		B615D6502580B5FC000866F2 /* NotificationSettingsViewController.swift in Sources */ = {isa = PBXBuildFile; fileRef = B615D64F2580B5FC000866F2 /* NotificationSettingsViewController.swift */; };
		B615D65F25812D2A000866F2 /* Protocols.swift in Sources */ = {isa = PBXBuildFile; fileRef = B615D65E25812D2A000866F2 /* Protocols.swift */; };
		B615D66A258152E6000866F2 /* ResetPasswordViewController.swift in Sources */ = {isa = PBXBuildFile; fileRef = B615D669258152E6000866F2 /* ResetPasswordViewController.swift */; };
		B615D66F258177F7000866F2 /* ChangePasswordViewController.swift in Sources */ = {isa = PBXBuildFile; fileRef = B615D66E258177F6000866F2 /* ChangePasswordViewController.swift */; };
		B6389F88257BF78C00219B6F /* FeedbackViewController.swift in Sources */ = {isa = PBXBuildFile; fileRef = B6389F87257BF78C00219B6F /* FeedbackViewController.swift */; };
		B63DB4152564B4C7008666AF /* GoogleService-Info.plist in Resources */ = {isa = PBXBuildFile; fileRef = B63DB4142564B4C7008666AF /* GoogleService-Info.plist */; };
		B64E0444255F7368002107A9 /* AnalyticsDashboardViewController.swift in Sources */ = {isa = PBXBuildFile; fileRef = B64E0443255F7368002107A9 /* AnalyticsDashboardViewController.swift */; };
		B65E5D212558862900ED241F /* HomeViewController.swift in Sources */ = {isa = PBXBuildFile; fileRef = B65E5D202558862900ED241F /* HomeViewController.swift */; };
		B69230AC254B573C0009295D /* FacebookShare in Frameworks */ = {isa = PBXBuildFile; productRef = B69230AB254B573C0009295D /* FacebookShare */; };
		B69230AE254B573C0009295D /* FacebookLogin in Frameworks */ = {isa = PBXBuildFile; productRef = B69230AD254B573C0009295D /* FacebookLogin */; };
		B69230B0254B573C0009295D /* FacebookCore in Frameworks */ = {isa = PBXBuildFile; productRef = B69230AF254B573C0009295D /* FacebookCore */; };
		B6936AAA2558FF0B005E8DD9 /* Utilities.swift in Sources */ = {isa = PBXBuildFile; fileRef = B6936AA92558FF0B005E8DD9 /* Utilities.swift */; };
		B6936AAF2559979C005E8DD9 /* NotificationBanner.swift in Sources */ = {isa = PBXBuildFile; fileRef = B6936AAE2559979B005E8DD9 /* NotificationBanner.swift */; };
		B6936AB7255ED072005E8DD9 /* CalendarViewController.swift in Sources */ = {isa = PBXBuildFile; fileRef = B6936AB6255ED072005E8DD9 /* CalendarViewController.swift */; };
		B6E256F42565C6E5007989D2 /* InviteViewController.swift in Sources */ = {isa = PBXBuildFile; fileRef = B6E256F32565C6E5007989D2 /* InviteViewController.swift */; };
		D7AA1EADE4E0AA383A89E6EA /* Pods_ConnectZen_ConnectZenUITests.framework in Frameworks */ = {isa = PBXBuildFile; fileRef = 7CB298A90B633170483794E6 /* Pods_ConnectZen_ConnectZenUITests.framework */; };
/* End PBXBuildFile section */

/* Begin PBXContainerItemProxy section */
		22D4C37225315BD30028A57D /* PBXContainerItemProxy */ = {
			isa = PBXContainerItemProxy;
			containerPortal = 22D4C35325315BD10028A57D /* Project object */;
			proxyType = 1;
			remoteGlobalIDString = 22D4C35A25315BD10028A57D;
			remoteInfo = ConnectZen;
		};
		22D4C37D25315BD30028A57D /* PBXContainerItemProxy */ = {
			isa = PBXContainerItemProxy;
			containerPortal = 22D4C35325315BD10028A57D /* Project object */;
			proxyType = 1;
			remoteGlobalIDString = 22D4C35A25315BD10028A57D;
			remoteInfo = ConnectZen;
		};
/* End PBXContainerItemProxy section */

/* Begin PBXFileReference section */
		00E53CAD04FBEB55BCD8D31E /* Pods-ConnectZen-ConnectZenUITests.release.xcconfig */ = {isa = PBXFileReference; includeInIndex = 1; lastKnownFileType = text.xcconfig; name = "Pods-ConnectZen-ConnectZenUITests.release.xcconfig"; path = "Target Support Files/Pods-ConnectZen-ConnectZenUITests/Pods-ConnectZen-ConnectZenUITests.release.xcconfig"; sourceTree = "<group>"; };
		1554B226CE837EF9EC89D405 /* Pods-ConnectZen-ConnectZenUITests.debug.xcconfig */ = {isa = PBXFileReference; includeInIndex = 1; lastKnownFileType = text.xcconfig; name = "Pods-ConnectZen-ConnectZenUITests.debug.xcconfig"; path = "Target Support Files/Pods-ConnectZen-ConnectZenUITests/Pods-ConnectZen-ConnectZenUITests.debug.xcconfig"; sourceTree = "<group>"; };
		22121FE82558B3EC0001BC05 /* TimeDayPrefViewController.swift */ = {isa = PBXFileReference; lastKnownFileType = sourcecode.swift; path = TimeDayPrefViewController.swift; sourceTree = "<group>"; };
		221E32D0254804A200310713 /* DesignableView.swift */ = {isa = PBXFileReference; lastKnownFileType = sourcecode.swift; path = DesignableView.swift; sourceTree = "<group>"; };
		221E32D82548061000310713 /* PopUpViewController.swift */ = {isa = PBXFileReference; lastKnownFileType = sourcecode.swift; path = PopUpViewController.swift; sourceTree = "<group>"; };
		221E32DD2548ED0900310713 /* ContactsViewController.swift */ = {isa = PBXFileReference; lastKnownFileType = sourcecode.swift; path = ContactsViewController.swift; sourceTree = "<group>"; };
		221EE20525858A8B00FEEB6D /* TestingViewController.swift */ = {isa = PBXFileReference; lastKnownFileType = sourcecode.swift; path = TestingViewController.swift; sourceTree = "<group>"; };
		221EE20A25859EE400FEEB6D /* LoginNavigationViewController.swift */ = {isa = PBXFileReference; lastKnownFileType = sourcecode.swift; path = LoginNavigationViewController.swift; sourceTree = "<group>"; };
		223DACE425620B99001FF194 /* UserPrefDayTime.storyboard */ = {isa = PBXFileReference; lastKnownFileType = file.storyboard; path = UserPrefDayTime.storyboard; sourceTree = "<group>"; };
		223DACE925620C78001FF194 /* UserPrefDayTimePopUpViewController.swift */ = {isa = PBXFileReference; lastKnownFileType = sourcecode.swift; path = UserPrefDayTimePopUpViewController.swift; sourceTree = "<group>"; };
		225637EA25818356009DD435 /* CalendarFunctions.swift */ = {isa = PBXFileReference; lastKnownFileType = sourcecode.swift; path = CalendarFunctions.swift; sourceTree = "<group>"; };
		225637EC2582F04C009DD435 /* TabBarViewController.swift */ = {isa = PBXFileReference; lastKnownFileType = sourcecode.swift; path = TabBarViewController.swift; sourceTree = "<group>"; };
		225637EE258303F7009DD435 /* SettingsMenuViewController.swift */ = {isa = PBXFileReference; lastKnownFileType = sourcecode.swift; path = SettingsMenuViewController.swift; sourceTree = "<group>"; };
		226E5E10254B901700834214 /* ContactTableViewCell.swift */ = {isa = PBXFileReference; lastKnownFileType = sourcecode.swift; path = ContactTableViewCell.swift; sourceTree = "<group>"; };
		226E5E13254BBA7900834214 /* ConstantStructs.swift */ = {isa = PBXFileReference; lastKnownFileType = sourcecode.swift; path = ConstantStructs.swift; sourceTree = "<group>"; };
		2272E05F2569F14F003AE627 /* EventsViewController.swift */ = {isa = PBXFileReference; lastKnownFileType = sourcecode.swift; path = EventsViewController.swift; sourceTree = "<group>"; };
		2272E0612569F17C003AE627 /* EventTableViewCell.swift */ = {isa = PBXFileReference; lastKnownFileType = sourcecode.swift; path = EventTableViewCell.swift; sourceTree = "<group>"; };
		22C809482541FF0000BB1C18 /* RegisterViewController.swift */ = {isa = PBXFileReference; lastKnownFileType = sourcecode.swift; path = RegisterViewController.swift; sourceTree = "<group>"; };
		22D4C35B25315BD10028A57D /* ConnectZen.app */ = {isa = PBXFileReference; explicitFileType = wrapper.application; includeInIndex = 0; path = ConnectZen.app; sourceTree = BUILT_PRODUCTS_DIR; };
		22D4C35E25315BD10028A57D /* AppDelegate.swift */ = {isa = PBXFileReference; lastKnownFileType = sourcecode.swift; path = AppDelegate.swift; sourceTree = "<group>"; };
		22D4C36025315BD10028A57D /* SceneDelegate.swift */ = {isa = PBXFileReference; lastKnownFileType = sourcecode.swift; path = SceneDelegate.swift; sourceTree = "<group>"; };
		22D4C36225315BD10028A57D /* LoginViewController.swift */ = {isa = PBXFileReference; lastKnownFileType = sourcecode.swift; path = LoginViewController.swift; sourceTree = "<group>"; };
		22D4C36525315BD10028A57D /* Base */ = {isa = PBXFileReference; lastKnownFileType = file.storyboard; name = Base; path = Base.lproj/Main.storyboard; sourceTree = "<group>"; };
		22D4C36725315BD30028A57D /* Assets.xcassets */ = {isa = PBXFileReference; lastKnownFileType = folder.assetcatalog; path = Assets.xcassets; sourceTree = "<group>"; };
		22D4C36A25315BD30028A57D /* Base */ = {isa = PBXFileReference; lastKnownFileType = file.storyboard; name = Base; path = Base.lproj/LaunchScreen.storyboard; sourceTree = "<group>"; };
		22D4C36C25315BD30028A57D /* Info.plist */ = {isa = PBXFileReference; lastKnownFileType = text.plist.xml; path = Info.plist; sourceTree = "<group>"; };
		22D4C37125315BD30028A57D /* ConnectZenTests.xctest */ = {isa = PBXFileReference; explicitFileType = wrapper.cfbundle; includeInIndex = 0; path = ConnectZenTests.xctest; sourceTree = BUILT_PRODUCTS_DIR; };
		22D4C37525315BD30028A57D /* ConnectZenTests.swift */ = {isa = PBXFileReference; lastKnownFileType = sourcecode.swift; path = ConnectZenTests.swift; sourceTree = "<group>"; };
		22D4C37725315BD30028A57D /* Info.plist */ = {isa = PBXFileReference; lastKnownFileType = text.plist.xml; path = Info.plist; sourceTree = "<group>"; };
		22D4C37C25315BD30028A57D /* ConnectZenUITests.xctest */ = {isa = PBXFileReference; explicitFileType = wrapper.cfbundle; includeInIndex = 0; path = ConnectZenUITests.xctest; sourceTree = BUILT_PRODUCTS_DIR; };
		22D4C38025315BD30028A57D /* ConnectZenUITests.swift */ = {isa = PBXFileReference; lastKnownFileType = sourcecode.swift; path = ConnectZenUITests.swift; sourceTree = "<group>"; };
		22D4C38225315BD40028A57D /* Info.plist */ = {isa = PBXFileReference; lastKnownFileType = text.plist.xml; path = Info.plist; sourceTree = "<group>"; };
		22E911642550F69000A00F00 /* ManualContactsViewController.swift */ = {isa = PBXFileReference; lastKnownFileType = sourcecode.swift; path = ManualContactsViewController.swift; sourceTree = "<group>"; };
		22E911672551E36E00A00F00 /* UtilityFunctions.swift */ = {isa = PBXFileReference; lastKnownFileType = sourcecode.swift; path = UtilityFunctions.swift; sourceTree = "<group>"; };
		22FFCD212562259300A280F4 /* iOSDropDown.framework */ = {isa = PBXFileReference; explicitFileType = wrapper.framework; path = iOSDropDown.framework; sourceTree = BUILT_PRODUCTS_DIR; };
		22FFCD232563162C00A280F4 /* Constants.swift */ = {isa = PBXFileReference; lastKnownFileType = sourcecode.swift; path = Constants.swift; sourceTree = "<group>"; };
		22FFCD25256318CC00A280F4 /* PrefDayTimeTableViewCell.swift */ = {isa = PBXFileReference; lastKnownFileType = sourcecode.swift; path = PrefDayTimeTableViewCell.swift; sourceTree = "<group>"; };
		22FFCD2725671A5C00A280F4 /* SchedulingActivityViewController.swift */ = {isa = PBXFileReference; lastKnownFileType = sourcecode.swift; path = SchedulingActivityViewController.swift; sourceTree = "<group>"; };
		39A789680A611C5450201D39 /* Pods_ConnectZen.framework */ = {isa = PBXFileReference; explicitFileType = wrapper.framework; includeInIndex = 0; path = Pods_ConnectZen.framework; sourceTree = BUILT_PRODUCTS_DIR; };
		7B24EE06C5FBF1EEBCAA8BC6 /* Pods-ConnectZenTests.debug.xcconfig */ = {isa = PBXFileReference; includeInIndex = 1; lastKnownFileType = text.xcconfig; name = "Pods-ConnectZenTests.debug.xcconfig"; path = "Target Support Files/Pods-ConnectZenTests/Pods-ConnectZenTests.debug.xcconfig"; sourceTree = "<group>"; };
		7CB298A90B633170483794E6 /* Pods_ConnectZen_ConnectZenUITests.framework */ = {isa = PBXFileReference; explicitFileType = wrapper.framework; includeInIndex = 0; path = Pods_ConnectZen_ConnectZenUITests.framework; sourceTree = BUILT_PRODUCTS_DIR; };
		86AEFA305D4B19BB93D3E5E7 /* Pods_ConnectZenTests.framework */ = {isa = PBXFileReference; explicitFileType = wrapper.framework; includeInIndex = 0; path = Pods_ConnectZenTests.framework; sourceTree = BUILT_PRODUCTS_DIR; };
		985C2020BCBA2C044E716B46 /* Pods-ConnectZen.release.xcconfig */ = {isa = PBXFileReference; includeInIndex = 1; lastKnownFileType = text.xcconfig; name = "Pods-ConnectZen.release.xcconfig"; path = "Target Support Files/Pods-ConnectZen/Pods-ConnectZen.release.xcconfig"; sourceTree = "<group>"; };
		B615D631257EA3C1000866F2 /* MonthViewController.swift */ = {isa = PBXFileReference; lastKnownFileType = sourcecode.swift; path = MonthViewController.swift; sourceTree = "<group>"; };
		B615D636257EA3CF000866F2 /* YearViewController.swift */ = {isa = PBXFileReference; lastKnownFileType = sourcecode.swift; path = YearViewController.swift; sourceTree = "<group>"; };
		B615D63B257EE4D1000866F2 /* BalloonMarker.swift */ = {isa = PBXFileReference; lastKnownFileType = sourcecode.swift; path = BalloonMarker.swift; sourceTree = "<group>"; };
		B615D640257F1933000866F2 /* Quotes.json */ = {isa = PBXFileReference; lastKnownFileType = text.json; path = Quotes.json; sourceTree = "<group>"; };
		B615D64525802477000866F2 /* ViewAndEditFriendsViewController.swift */ = {isa = PBXFileReference; lastKnownFileType = sourcecode.swift; path = ViewAndEditFriendsViewController.swift; sourceTree = "<group>"; };
		B615D64A25806FED000866F2 /* ContactsTableCell.swift */ = {isa = PBXFileReference; lastKnownFileType = sourcecode.swift; path = ContactsTableCell.swift; sourceTree = "<group>"; };
		B615D64F2580B5FC000866F2 /* NotificationSettingsViewController.swift */ = {isa = PBXFileReference; lastKnownFileType = sourcecode.swift; path = NotificationSettingsViewController.swift; sourceTree = "<group>"; };
		B615D65E25812D2A000866F2 /* Protocols.swift */ = {isa = PBXFileReference; lastKnownFileType = sourcecode.swift; path = Protocols.swift; sourceTree = "<group>"; };
		B615D669258152E6000866F2 /* ResetPasswordViewController.swift */ = {isa = PBXFileReference; lastKnownFileType = sourcecode.swift; path = ResetPasswordViewController.swift; sourceTree = "<group>"; };
		B615D66E258177F6000866F2 /* ChangePasswordViewController.swift */ = {isa = PBXFileReference; lastKnownFileType = sourcecode.swift; path = ChangePasswordViewController.swift; sourceTree = "<group>"; };
		B6389F87257BF78C00219B6F /* FeedbackViewController.swift */ = {isa = PBXFileReference; lastKnownFileType = sourcecode.swift; path = FeedbackViewController.swift; sourceTree = "<group>"; };
		B63DB4142564B4C7008666AF /* GoogleService-Info.plist */ = {isa = PBXFileReference; fileEncoding = 4; lastKnownFileType = text.plist.xml; path = "GoogleService-Info.plist"; sourceTree = "<group>"; };
		B64E0443255F7368002107A9 /* AnalyticsDashboardViewController.swift */ = {isa = PBXFileReference; lastKnownFileType = sourcecode.swift; path = AnalyticsDashboardViewController.swift; sourceTree = "<group>"; };
		B65E5D202558862900ED241F /* HomeViewController.swift */ = {isa = PBXFileReference; lastKnownFileType = sourcecode.swift; path = HomeViewController.swift; sourceTree = "<group>"; };
		B69230CF254B5F9E0009295D /* ConnectZen.entitlements */ = {isa = PBXFileReference; lastKnownFileType = text.plist.entitlements; path = ConnectZen.entitlements; sourceTree = "<group>"; };
		B6936AA92558FF0B005E8DD9 /* Utilities.swift */ = {isa = PBXFileReference; fileEncoding = 4; lastKnownFileType = sourcecode.swift; path = Utilities.swift; sourceTree = "<group>"; };
		B6936AAE2559979B005E8DD9 /* NotificationBanner.swift */ = {isa = PBXFileReference; lastKnownFileType = sourcecode.swift; path = NotificationBanner.swift; sourceTree = "<group>"; };
		B6936AB6255ED072005E8DD9 /* CalendarViewController.swift */ = {isa = PBXFileReference; lastKnownFileType = sourcecode.swift; path = CalendarViewController.swift; sourceTree = "<group>"; };
		B6E256F32565C6E5007989D2 /* InviteViewController.swift */ = {isa = PBXFileReference; lastKnownFileType = sourcecode.swift; path = InviteViewController.swift; sourceTree = "<group>"; };
		C156D97748ADDF9209A16D9C /* Pods-ConnectZen.debug.xcconfig */ = {isa = PBXFileReference; includeInIndex = 1; lastKnownFileType = text.xcconfig; name = "Pods-ConnectZen.debug.xcconfig"; path = "Target Support Files/Pods-ConnectZen/Pods-ConnectZen.debug.xcconfig"; sourceTree = "<group>"; };
		CF8E982FD369E8CD3C665413 /* Pods-ConnectZenTests.release.xcconfig */ = {isa = PBXFileReference; includeInIndex = 1; lastKnownFileType = text.xcconfig; name = "Pods-ConnectZenTests.release.xcconfig"; path = "Target Support Files/Pods-ConnectZenTests/Pods-ConnectZenTests.release.xcconfig"; sourceTree = "<group>"; };
/* End PBXFileReference section */

/* Begin PBXFrameworksBuildPhase section */
		22D4C35825315BD10028A57D /* Frameworks */ = {
			isa = PBXFrameworksBuildPhase;
			buildActionMask = 2147483647;
			files = (
				B69230AC254B573C0009295D /* FacebookShare in Frameworks */,
				102B2A62178A42539B957E64 /* Pods_ConnectZen.framework in Frameworks */,
				B69230AE254B573C0009295D /* FacebookLogin in Frameworks */,
				B69230B0254B573C0009295D /* FacebookCore in Frameworks */,
			);
			runOnlyForDeploymentPostprocessing = 0;
		};
		22D4C36E25315BD30028A57D /* Frameworks */ = {
			isa = PBXFrameworksBuildPhase;
			buildActionMask = 2147483647;
			files = (
				97B94D01CA825C2E999F0346 /* Pods_ConnectZenTests.framework in Frameworks */,
			);
			runOnlyForDeploymentPostprocessing = 0;
		};
		22D4C37925315BD30028A57D /* Frameworks */ = {
			isa = PBXFrameworksBuildPhase;
			buildActionMask = 2147483647;
			files = (
				D7AA1EADE4E0AA383A89E6EA /* Pods_ConnectZen_ConnectZenUITests.framework in Frameworks */,
			);
			runOnlyForDeploymentPostprocessing = 0;
		};
/* End PBXFrameworksBuildPhase section */

/* Begin PBXGroup section */
		221E32CF2548045400310713 /* IBDesignables */ = {
			isa = PBXGroup;
			children = (
				221E32D0254804A200310713 /* DesignableView.swift */,
			);
			path = IBDesignables;
			sourceTree = "<group>";
		};
		226E5E0F254A620500834214 /* TableViewCells */ = {
			isa = PBXGroup;
			children = (
				226E5E10254B901700834214 /* ContactTableViewCell.swift */,
				22FFCD25256318CC00A280F4 /* PrefDayTimeTableViewCell.swift */,
				2272E0612569F17C003AE627 /* EventTableViewCell.swift */,
				B615D64A25806FED000866F2 /* ContactsTableCell.swift */,
			);
			path = TableViewCells;
			sourceTree = "<group>";
		};
		226E5E12254BBA5C00834214 /* Constants */ = {
			isa = PBXGroup;
			children = (
				226E5E13254BBA7900834214 /* ConstantStructs.swift */,
				22FFCD232563162C00A280F4 /* Constants.swift */,
			);
			path = Constants;
			sourceTree = "<group>";
		};
		22C809472541FECF00BB1C18 /* ViewControllers */ = {
			isa = PBXGroup;
			children = (
				22D4C36225315BD10028A57D /* LoginViewController.swift */,
				22C809482541FF0000BB1C18 /* RegisterViewController.swift */,
				B65E5D202558862900ED241F /* HomeViewController.swift */,
				B6936AB6255ED072005E8DD9 /* CalendarViewController.swift */,
				B64E0443255F7368002107A9 /* AnalyticsDashboardViewController.swift */,
				221E32D82548061000310713 /* PopUpViewController.swift */,
				221E32DD2548ED0900310713 /* ContactsViewController.swift */,
				22E911642550F69000A00F00 /* ManualContactsViewController.swift */,
				22121FE82558B3EC0001BC05 /* TimeDayPrefViewController.swift */,
				223DACE925620C78001FF194 /* UserPrefDayTimePopUpViewController.swift */,
				22FFCD2725671A5C00A280F4 /* SchedulingActivityViewController.swift */,
				2272E05F2569F14F003AE627 /* EventsViewController.swift */,
				B6E256F32565C6E5007989D2 /* InviteViewController.swift */,
				B6389F87257BF78C00219B6F /* FeedbackViewController.swift */,
				B615D631257EA3C1000866F2 /* MonthViewController.swift */,
				B615D636257EA3CF000866F2 /* YearViewController.swift */,
				B615D64525802477000866F2 /* ViewAndEditFriendsViewController.swift */,
				B615D64F2580B5FC000866F2 /* NotificationSettingsViewController.swift */,
				B615D669258152E6000866F2 /* ResetPasswordViewController.swift */,
				B615D66E258177F6000866F2 /* ChangePasswordViewController.swift */,
				225637EC2582F04C009DD435 /* TabBarViewController.swift */,
				225637EE258303F7009DD435 /* SettingsMenuViewController.swift */,
				221EE20525858A8B00FEEB6D /* TestingViewController.swift */,
				221EE20A25859EE400FEEB6D /* LoginNavigationViewController.swift */,
			);
			path = ViewControllers;
			sourceTree = "<group>";
		};
		22D4C35225315BD10028A57D = {
			isa = PBXGroup;
			children = (
				22D4C35D25315BD10028A57D /* ConnectZen */,
				22D4C37425315BD30028A57D /* ConnectZenTests */,
				22D4C37F25315BD30028A57D /* ConnectZenUITests */,
				22D4C35C25315BD10028A57D /* Products */,
				96D5B77B5997893F52160B62 /* Pods */,
				6688596A4119D21DE5A83115 /* Frameworks */,
			);
			sourceTree = "<group>";
		};
		22D4C35C25315BD10028A57D /* Products */ = {
			isa = PBXGroup;
			children = (
				22D4C35B25315BD10028A57D /* ConnectZen.app */,
				22D4C37125315BD30028A57D /* ConnectZenTests.xctest */,
				22D4C37C25315BD30028A57D /* ConnectZenUITests.xctest */,
			);
			name = Products;
			sourceTree = "<group>";
		};
		22D4C35D25315BD10028A57D /* ConnectZen */ = {
			isa = PBXGroup;
			children = (
				B63DB4142564B4C7008666AF /* GoogleService-Info.plist */,
				B6936AA92558FF0B005E8DD9 /* Utilities.swift */,
				B69230CF254B5F9E0009295D /* ConnectZen.entitlements */,
				22E911662551E0F300A00F00 /* Utilities */,
				226E5E12254BBA5C00834214 /* Constants */,
				226E5E0F254A620500834214 /* TableViewCells */,
				221E32CF2548045400310713 /* IBDesignables */,
				22C809472541FECF00BB1C18 /* ViewControllers */,
				22D4C35E25315BD10028A57D /* AppDelegate.swift */,
				22D4C36025315BD10028A57D /* SceneDelegate.swift */,
				22D4C36425315BD10028A57D /* Main.storyboard */,
				223DACE425620B99001FF194 /* UserPrefDayTime.storyboard */,
				22D4C36725315BD30028A57D /* Assets.xcassets */,
				22D4C36925315BD30028A57D /* LaunchScreen.storyboard */,
				22D4C36C25315BD30028A57D /* Info.plist */,
				B6936AAE2559979B005E8DD9 /* NotificationBanner.swift */,
				B615D63B257EE4D1000866F2 /* BalloonMarker.swift */,
				B615D640257F1933000866F2 /* Quotes.json */,
			);
			path = ConnectZen;
			sourceTree = "<group>";
		};
		22D4C37425315BD30028A57D /* ConnectZenTests */ = {
			isa = PBXGroup;
			children = (
				22D4C37525315BD30028A57D /* ConnectZenTests.swift */,
				22D4C37725315BD30028A57D /* Info.plist */,
			);
			path = ConnectZenTests;
			sourceTree = "<group>";
		};
		22D4C37F25315BD30028A57D /* ConnectZenUITests */ = {
			isa = PBXGroup;
			children = (
				22D4C38025315BD30028A57D /* ConnectZenUITests.swift */,
				22D4C38225315BD40028A57D /* Info.plist */,
			);
			path = ConnectZenUITests;
			sourceTree = "<group>";
		};
		22E911662551E0F300A00F00 /* Utilities */ = {
			isa = PBXGroup;
			children = (
				22E911672551E36E00A00F00 /* UtilityFunctions.swift */,
				225637EA25818356009DD435 /* CalendarFunctions.swift */,
				B615D65E25812D2A000866F2 /* Protocols.swift */,
			);
			path = Utilities;
			sourceTree = "<group>";
		};
		6688596A4119D21DE5A83115 /* Frameworks */ = {
			isa = PBXGroup;
			children = (
				22FFCD212562259300A280F4 /* iOSDropDown.framework */,
				39A789680A611C5450201D39 /* Pods_ConnectZen.framework */,
				7CB298A90B633170483794E6 /* Pods_ConnectZen_ConnectZenUITests.framework */,
				86AEFA305D4B19BB93D3E5E7 /* Pods_ConnectZenTests.framework */,
			);
			name = Frameworks;
			sourceTree = "<group>";
		};
		96D5B77B5997893F52160B62 /* Pods */ = {
			isa = PBXGroup;
			children = (
				C156D97748ADDF9209A16D9C /* Pods-ConnectZen.debug.xcconfig */,
				985C2020BCBA2C044E716B46 /* Pods-ConnectZen.release.xcconfig */,
				1554B226CE837EF9EC89D405 /* Pods-ConnectZen-ConnectZenUITests.debug.xcconfig */,
				00E53CAD04FBEB55BCD8D31E /* Pods-ConnectZen-ConnectZenUITests.release.xcconfig */,
				7B24EE06C5FBF1EEBCAA8BC6 /* Pods-ConnectZenTests.debug.xcconfig */,
				CF8E982FD369E8CD3C665413 /* Pods-ConnectZenTests.release.xcconfig */,
			);
			path = Pods;
			sourceTree = "<group>";
		};
/* End PBXGroup section */

/* Begin PBXNativeTarget section */
		22D4C35A25315BD10028A57D /* ConnectZen */ = {
			isa = PBXNativeTarget;
			buildConfigurationList = 22D4C38525315BD40028A57D /* Build configuration list for PBXNativeTarget "ConnectZen" */;
			buildPhases = (
				35D1E8AD786F6C548078DF44 /* [CP] Check Pods Manifest.lock */,
				22D4C35725315BD10028A57D /* Sources */,
				22D4C35825315BD10028A57D /* Frameworks */,
				22D4C35925315BD10028A57D /* Resources */,
				B84B95CF44F9201E1CB94CDC /* [CP] Embed Pods Frameworks */,
				97DF84879EBE729B3C181AE2 /* [CP] Copy Pods Resources */,
			);
			buildRules = (
			);
			dependencies = (
			);
			name = ConnectZen;
			packageProductDependencies = (
				B69230AB254B573C0009295D /* FacebookShare */,
				B69230AD254B573C0009295D /* FacebookLogin */,
				B69230AF254B573C0009295D /* FacebookCore */,
			);
			productName = ConnectZen;
			productReference = 22D4C35B25315BD10028A57D /* ConnectZen.app */;
			productType = "com.apple.product-type.application";
		};
		22D4C37025315BD30028A57D /* ConnectZenTests */ = {
			isa = PBXNativeTarget;
			buildConfigurationList = 22D4C38825315BD40028A57D /* Build configuration list for PBXNativeTarget "ConnectZenTests" */;
			buildPhases = (
				5F731D166A9425890ADB6A7C /* [CP] Check Pods Manifest.lock */,
				22D4C36D25315BD30028A57D /* Sources */,
				22D4C36E25315BD30028A57D /* Frameworks */,
				22D4C36F25315BD30028A57D /* Resources */,
			);
			buildRules = (
			);
			dependencies = (
				22D4C37325315BD30028A57D /* PBXTargetDependency */,
			);
			name = ConnectZenTests;
			productName = ConnectZenTests;
			productReference = 22D4C37125315BD30028A57D /* ConnectZenTests.xctest */;
			productType = "com.apple.product-type.bundle.unit-test";
		};
		22D4C37B25315BD30028A57D /* ConnectZenUITests */ = {
			isa = PBXNativeTarget;
			buildConfigurationList = 22D4C38B25315BD40028A57D /* Build configuration list for PBXNativeTarget "ConnectZenUITests" */;
			buildPhases = (
				209B107AEAA304DC02470E44 /* [CP] Check Pods Manifest.lock */,
				22D4C37825315BD30028A57D /* Sources */,
				22D4C37925315BD30028A57D /* Frameworks */,
				22D4C37A25315BD30028A57D /* Resources */,
				9B929076F3A31A93D350E3CF /* [CP] Embed Pods Frameworks */,
				6CCB34BF04C66C01006617CC /* [CP] Copy Pods Resources */,
			);
			buildRules = (
			);
			dependencies = (
				22D4C37E25315BD30028A57D /* PBXTargetDependency */,
			);
			name = ConnectZenUITests;
			productName = ConnectZenUITests;
			productReference = 22D4C37C25315BD30028A57D /* ConnectZenUITests.xctest */;
			productType = "com.apple.product-type.bundle.ui-testing";
		};
/* End PBXNativeTarget section */

/* Begin PBXProject section */
		22D4C35325315BD10028A57D /* Project object */ = {
			isa = PBXProject;
			attributes = {
				LastSwiftUpdateCheck = 1200;
				LastUpgradeCheck = 1200;
				TargetAttributes = {
					22D4C35A25315BD10028A57D = {
						CreatedOnToolsVersion = 12.0.1;
					};
					22D4C37025315BD30028A57D = {
						CreatedOnToolsVersion = 12.0.1;
						TestTargetID = 22D4C35A25315BD10028A57D;
					};
					22D4C37B25315BD30028A57D = {
						CreatedOnToolsVersion = 12.0.1;
						TestTargetID = 22D4C35A25315BD10028A57D;
					};
				};
			};
			buildConfigurationList = 22D4C35625315BD10028A57D /* Build configuration list for PBXProject "ConnectZen" */;
			compatibilityVersion = "Xcode 9.3";
			developmentRegion = en;
			hasScannedForEncodings = 0;
			knownRegions = (
				en,
				Base,
			);
			mainGroup = 22D4C35225315BD10028A57D;
			packageReferences = (
				B69230AA254B573B0009295D /* XCRemoteSwiftPackageReference "facebook-ios-sdk" */,
			);
			productRefGroup = 22D4C35C25315BD10028A57D /* Products */;
			projectDirPath = "";
			projectRoot = "";
			targets = (
				22D4C35A25315BD10028A57D /* ConnectZen */,
				22D4C37025315BD30028A57D /* ConnectZenTests */,
				22D4C37B25315BD30028A57D /* ConnectZenUITests */,
			);
		};
/* End PBXProject section */

/* Begin PBXResourcesBuildPhase section */
		22D4C35925315BD10028A57D /* Resources */ = {
			isa = PBXResourcesBuildPhase;
			buildActionMask = 2147483647;
			files = (
				22D4C36B25315BD30028A57D /* LaunchScreen.storyboard in Resources */,
				22D4C36825315BD30028A57D /* Assets.xcassets in Resources */,
				B63DB4152564B4C7008666AF /* GoogleService-Info.plist in Resources */,
				223DACE525620B99001FF194 /* UserPrefDayTime.storyboard in Resources */,
				B615D641257F1933000866F2 /* Quotes.json in Resources */,
				22D4C36625315BD10028A57D /* Main.storyboard in Resources */,
			);
			runOnlyForDeploymentPostprocessing = 0;
		};
		22D4C36F25315BD30028A57D /* Resources */ = {
			isa = PBXResourcesBuildPhase;
			buildActionMask = 2147483647;
			files = (
			);
			runOnlyForDeploymentPostprocessing = 0;
		};
		22D4C37A25315BD30028A57D /* Resources */ = {
			isa = PBXResourcesBuildPhase;
			buildActionMask = 2147483647;
			files = (
			);
			runOnlyForDeploymentPostprocessing = 0;
		};
/* End PBXResourcesBuildPhase section */

/* Begin PBXShellScriptBuildPhase section */
		209B107AEAA304DC02470E44 /* [CP] Check Pods Manifest.lock */ = {
			isa = PBXShellScriptBuildPhase;
			buildActionMask = 2147483647;
			files = (
			);
			inputFileListPaths = (
			);
			inputPaths = (
				"${PODS_PODFILE_DIR_PATH}/Podfile.lock",
				"${PODS_ROOT}/Manifest.lock",
			);
			name = "[CP] Check Pods Manifest.lock";
			outputFileListPaths = (
			);
			outputPaths = (
				"$(DERIVED_FILE_DIR)/Pods-ConnectZen-ConnectZenUITests-checkManifestLockResult.txt",
			);
			runOnlyForDeploymentPostprocessing = 0;
			shellPath = /bin/sh;
			shellScript = "diff \"${PODS_PODFILE_DIR_PATH}/Podfile.lock\" \"${PODS_ROOT}/Manifest.lock\" > /dev/null\nif [ $? != 0 ] ; then\n    # print error to STDERR\n    echo \"error: The sandbox is not in sync with the Podfile.lock. Run 'pod install' or update your CocoaPods installation.\" >&2\n    exit 1\nfi\n# This output is used by Xcode 'outputs' to avoid re-running this script phase.\necho \"SUCCESS\" > \"${SCRIPT_OUTPUT_FILE_0}\"\n";
			showEnvVarsInLog = 0;
		};
		35D1E8AD786F6C548078DF44 /* [CP] Check Pods Manifest.lock */ = {
			isa = PBXShellScriptBuildPhase;
			buildActionMask = 2147483647;
			files = (
			);
			inputFileListPaths = (
			);
			inputPaths = (
				"${PODS_PODFILE_DIR_PATH}/Podfile.lock",
				"${PODS_ROOT}/Manifest.lock",
			);
			name = "[CP] Check Pods Manifest.lock";
			outputFileListPaths = (
			);
			outputPaths = (
				"$(DERIVED_FILE_DIR)/Pods-ConnectZen-checkManifestLockResult.txt",
			);
			runOnlyForDeploymentPostprocessing = 0;
			shellPath = /bin/sh;
			shellScript = "diff \"${PODS_PODFILE_DIR_PATH}/Podfile.lock\" \"${PODS_ROOT}/Manifest.lock\" > /dev/null\nif [ $? != 0 ] ; then\n    # print error to STDERR\n    echo \"error: The sandbox is not in sync with the Podfile.lock. Run 'pod install' or update your CocoaPods installation.\" >&2\n    exit 1\nfi\n# This output is used by Xcode 'outputs' to avoid re-running this script phase.\necho \"SUCCESS\" > \"${SCRIPT_OUTPUT_FILE_0}\"\n";
			showEnvVarsInLog = 0;
		};
		5F731D166A9425890ADB6A7C /* [CP] Check Pods Manifest.lock */ = {
			isa = PBXShellScriptBuildPhase;
			buildActionMask = 2147483647;
			files = (
			);
			inputFileListPaths = (
			);
			inputPaths = (
				"${PODS_PODFILE_DIR_PATH}/Podfile.lock",
				"${PODS_ROOT}/Manifest.lock",
			);
			name = "[CP] Check Pods Manifest.lock";
			outputFileListPaths = (
			);
			outputPaths = (
				"$(DERIVED_FILE_DIR)/Pods-ConnectZenTests-checkManifestLockResult.txt",
			);
			runOnlyForDeploymentPostprocessing = 0;
			shellPath = /bin/sh;
			shellScript = "diff \"${PODS_PODFILE_DIR_PATH}/Podfile.lock\" \"${PODS_ROOT}/Manifest.lock\" > /dev/null\nif [ $? != 0 ] ; then\n    # print error to STDERR\n    echo \"error: The sandbox is not in sync with the Podfile.lock. Run 'pod install' or update your CocoaPods installation.\" >&2\n    exit 1\nfi\n# This output is used by Xcode 'outputs' to avoid re-running this script phase.\necho \"SUCCESS\" > \"${SCRIPT_OUTPUT_FILE_0}\"\n";
			showEnvVarsInLog = 0;
		};
		6CCB34BF04C66C01006617CC /* [CP] Copy Pods Resources */ = {
			isa = PBXShellScriptBuildPhase;
			buildActionMask = 2147483647;
			files = (
			);
			inputFileListPaths = (
				"${PODS_ROOT}/Target Support Files/Pods-ConnectZen-ConnectZenUITests/Pods-ConnectZen-ConnectZenUITests-resources-${CONFIGURATION}-input-files.xcfilelist",
			);
			name = "[CP] Copy Pods Resources";
			outputFileListPaths = (
				"${PODS_ROOT}/Target Support Files/Pods-ConnectZen-ConnectZenUITests/Pods-ConnectZen-ConnectZenUITests-resources-${CONFIGURATION}-output-files.xcfilelist",
			);
			runOnlyForDeploymentPostprocessing = 0;
			shellPath = /bin/sh;
			shellScript = "\"${PODS_ROOT}/Target Support Files/Pods-ConnectZen-ConnectZenUITests/Pods-ConnectZen-ConnectZenUITests-resources.sh\"\n";
			showEnvVarsInLog = 0;
		};
		97DF84879EBE729B3C181AE2 /* [CP] Copy Pods Resources */ = {
			isa = PBXShellScriptBuildPhase;
			buildActionMask = 2147483647;
			files = (
			);
			inputFileListPaths = (
				"${PODS_ROOT}/Target Support Files/Pods-ConnectZen/Pods-ConnectZen-resources-${CONFIGURATION}-input-files.xcfilelist",
			);
			name = "[CP] Copy Pods Resources";
			outputFileListPaths = (
				"${PODS_ROOT}/Target Support Files/Pods-ConnectZen/Pods-ConnectZen-resources-${CONFIGURATION}-output-files.xcfilelist",
			);
			runOnlyForDeploymentPostprocessing = 0;
			shellPath = /bin/sh;
			shellScript = "\"${PODS_ROOT}/Target Support Files/Pods-ConnectZen/Pods-ConnectZen-resources.sh\"\n";
			showEnvVarsInLog = 0;
		};
		9B929076F3A31A93D350E3CF /* [CP] Embed Pods Frameworks */ = {
			isa = PBXShellScriptBuildPhase;
			buildActionMask = 2147483647;
			files = (
			);
			inputFileListPaths = (
				"${PODS_ROOT}/Target Support Files/Pods-ConnectZen-ConnectZenUITests/Pods-ConnectZen-ConnectZenUITests-frameworks-${CONFIGURATION}-input-files.xcfilelist",
			);
			name = "[CP] Embed Pods Frameworks";
			outputFileListPaths = (
				"${PODS_ROOT}/Target Support Files/Pods-ConnectZen-ConnectZenUITests/Pods-ConnectZen-ConnectZenUITests-frameworks-${CONFIGURATION}-output-files.xcfilelist",
			);
			runOnlyForDeploymentPostprocessing = 0;
			shellPath = /bin/sh;
			shellScript = "\"${PODS_ROOT}/Target Support Files/Pods-ConnectZen-ConnectZenUITests/Pods-ConnectZen-ConnectZenUITests-frameworks.sh\"\n";
			showEnvVarsInLog = 0;
		};
		B84B95CF44F9201E1CB94CDC /* [CP] Embed Pods Frameworks */ = {
			isa = PBXShellScriptBuildPhase;
			buildActionMask = 2147483647;
			files = (
			);
			inputFileListPaths = (
				"${PODS_ROOT}/Target Support Files/Pods-ConnectZen/Pods-ConnectZen-frameworks-${CONFIGURATION}-input-files.xcfilelist",
			);
			name = "[CP] Embed Pods Frameworks";
			outputFileListPaths = (
				"${PODS_ROOT}/Target Support Files/Pods-ConnectZen/Pods-ConnectZen-frameworks-${CONFIGURATION}-output-files.xcfilelist",
			);
			runOnlyForDeploymentPostprocessing = 0;
			shellPath = /bin/sh;
			shellScript = "\"${PODS_ROOT}/Target Support Files/Pods-ConnectZen/Pods-ConnectZen-frameworks.sh\"\n";
			showEnvVarsInLog = 0;
		};
/* End PBXShellScriptBuildPhase section */

/* Begin PBXSourcesBuildPhase section */
		22D4C35725315BD10028A57D /* Sources */ = {
			isa = PBXSourcesBuildPhase;
			buildActionMask = 2147483647;
			files = (
				2272E0622569F17C003AE627 /* EventTableViewCell.swift in Sources */,
				B64E0444255F7368002107A9 /* AnalyticsDashboardViewController.swift in Sources */,
				B615D64625802477000866F2 /* ViewAndEditFriendsViewController.swift in Sources */,
				B615D64B25806FEE000866F2 /* ContactsTableCell.swift in Sources */,
				225637ED2582F04C009DD435 /* TabBarViewController.swift in Sources */,
				B6936AAF2559979C005E8DD9 /* NotificationBanner.swift in Sources */,
				226E5E14254BBA7900834214 /* ConstantStructs.swift in Sources */,
				22D4C36325315BD10028A57D /* LoginViewController.swift in Sources */,
				22E911652550F69000A00F00 /* ManualContactsViewController.swift in Sources */,
				221EE20625858A8B00FEEB6D /* TestingViewController.swift in Sources */,
				221EE20B25859EE400FEEB6D /* LoginNavigationViewController.swift in Sources */,
				B6936AAA2558FF0B005E8DD9 /* Utilities.swift in Sources */,
				221E32D92548061000310713 /* PopUpViewController.swift in Sources */,
				22FFCD242563162C00A280F4 /* Constants.swift in Sources */,
				22FFCD26256318CC00A280F4 /* PrefDayTimeTableViewCell.swift in Sources */,
				2272E0602569F14F003AE627 /* EventsViewController.swift in Sources */,
				B615D63C257EE4D1000866F2 /* BalloonMarker.swift in Sources */,
				B615D66F258177F7000866F2 /* ChangePasswordViewController.swift in Sources */,
				221E32D1254804A200310713 /* DesignableView.swift in Sources */,
				22E911682551E36E00A00F00 /* UtilityFunctions.swift in Sources */,
				225637EB25818356009DD435 /* CalendarFunctions.swift in Sources */,
				225637EF258303F7009DD435 /* SettingsMenuViewController.swift in Sources */,
				22D4C35F25315BD10028A57D /* AppDelegate.swift in Sources */,
				B6E256F42565C6E5007989D2 /* InviteViewController.swift in Sources */,
				B6389F88257BF78C00219B6F /* FeedbackViewController.swift in Sources */,
				221E32DE2548ED0900310713 /* ContactsViewController.swift in Sources */,
				B615D6502580B5FC000866F2 /* NotificationSettingsViewController.swift in Sources */,
				223DACEA25620C78001FF194 /* UserPrefDayTimePopUpViewController.swift in Sources */,
				22121FE92558B3EC0001BC05 /* TimeDayPrefViewController.swift in Sources */,
				226E5E11254B901700834214 /* ContactTableViewCell.swift in Sources */,
				22D4C36125315BD10028A57D /* SceneDelegate.swift in Sources */,
				B615D637257EA3CF000866F2 /* YearViewController.swift in Sources */,
				B615D632257EA3C1000866F2 /* MonthViewController.swift in Sources */,
				B6936AB7255ED072005E8DD9 /* CalendarViewController.swift in Sources */,
				22FFCD2825671A5C00A280F4 /* SchedulingActivityViewController.swift in Sources */,
				B615D65F25812D2A000866F2 /* Protocols.swift in Sources */,
				B615D66A258152E6000866F2 /* ResetPasswordViewController.swift in Sources */,
				22C809492541FF0000BB1C18 /* RegisterViewController.swift in Sources */,
				B65E5D212558862900ED241F /* HomeViewController.swift in Sources */,
			);
			runOnlyForDeploymentPostprocessing = 0;
		};
		22D4C36D25315BD30028A57D /* Sources */ = {
			isa = PBXSourcesBuildPhase;
			buildActionMask = 2147483647;
			files = (
				22D4C37625315BD30028A57D /* ConnectZenTests.swift in Sources */,
			);
			runOnlyForDeploymentPostprocessing = 0;
		};
		22D4C37825315BD30028A57D /* Sources */ = {
			isa = PBXSourcesBuildPhase;
			buildActionMask = 2147483647;
			files = (
				22D4C38125315BD30028A57D /* ConnectZenUITests.swift in Sources */,
			);
			runOnlyForDeploymentPostprocessing = 0;
		};
/* End PBXSourcesBuildPhase section */

/* Begin PBXTargetDependency section */
		22D4C37325315BD30028A57D /* PBXTargetDependency */ = {
			isa = PBXTargetDependency;
			target = 22D4C35A25315BD10028A57D /* ConnectZen */;
			targetProxy = 22D4C37225315BD30028A57D /* PBXContainerItemProxy */;
		};
		22D4C37E25315BD30028A57D /* PBXTargetDependency */ = {
			isa = PBXTargetDependency;
			target = 22D4C35A25315BD10028A57D /* ConnectZen */;
			targetProxy = 22D4C37D25315BD30028A57D /* PBXContainerItemProxy */;
		};
/* End PBXTargetDependency section */

/* Begin PBXVariantGroup section */
		22D4C36425315BD10028A57D /* Main.storyboard */ = {
			isa = PBXVariantGroup;
			children = (
				22D4C36525315BD10028A57D /* Base */,
			);
			name = Main.storyboard;
			sourceTree = "<group>";
		};
		22D4C36925315BD30028A57D /* LaunchScreen.storyboard */ = {
			isa = PBXVariantGroup;
			children = (
				22D4C36A25315BD30028A57D /* Base */,
			);
			name = LaunchScreen.storyboard;
			sourceTree = "<group>";
		};
/* End PBXVariantGroup section */

/* Begin XCBuildConfiguration section */
		22D4C38325315BD40028A57D /* Debug */ = {
			isa = XCBuildConfiguration;
			buildSettings = {
				ALWAYS_SEARCH_USER_PATHS = NO;
				CLANG_ANALYZER_NONNULL = YES;
				CLANG_ANALYZER_NUMBER_OBJECT_CONVERSION = YES_AGGRESSIVE;
				CLANG_CXX_LANGUAGE_STANDARD = "gnu++14";
				CLANG_CXX_LIBRARY = "libc++";
				CLANG_ENABLE_MODULES = YES;
				CLANG_ENABLE_OBJC_ARC = YES;
				CLANG_ENABLE_OBJC_WEAK = YES;
				CLANG_WARN_BLOCK_CAPTURE_AUTORELEASING = YES;
				CLANG_WARN_BOOL_CONVERSION = YES;
				CLANG_WARN_COMMA = YES;
				CLANG_WARN_CONSTANT_CONVERSION = YES;
				CLANG_WARN_DEPRECATED_OBJC_IMPLEMENTATIONS = YES;
				CLANG_WARN_DIRECT_OBJC_ISA_USAGE = YES_ERROR;
				CLANG_WARN_DOCUMENTATION_COMMENTS = YES;
				CLANG_WARN_EMPTY_BODY = YES;
				CLANG_WARN_ENUM_CONVERSION = YES;
				CLANG_WARN_INFINITE_RECURSION = YES;
				CLANG_WARN_INT_CONVERSION = YES;
				CLANG_WARN_NON_LITERAL_NULL_CONVERSION = YES;
				CLANG_WARN_OBJC_IMPLICIT_RETAIN_SELF = YES;
				CLANG_WARN_OBJC_LITERAL_CONVERSION = YES;
				CLANG_WARN_OBJC_ROOT_CLASS = YES_ERROR;
				CLANG_WARN_QUOTED_INCLUDE_IN_FRAMEWORK_HEADER = YES;
				CLANG_WARN_RANGE_LOOP_ANALYSIS = YES;
				CLANG_WARN_STRICT_PROTOTYPES = YES;
				CLANG_WARN_SUSPICIOUS_MOVE = YES;
				CLANG_WARN_UNGUARDED_AVAILABILITY = YES_AGGRESSIVE;
				CLANG_WARN_UNREACHABLE_CODE = YES;
				CLANG_WARN__DUPLICATE_METHOD_MATCH = YES;
				COPY_PHASE_STRIP = NO;
				DEBUG_INFORMATION_FORMAT = dwarf;
				DEVELOPMENT_TEAM = 52BV3WUWM2;
				ENABLE_STRICT_OBJC_MSGSEND = YES;
				ENABLE_TESTABILITY = YES;
				GCC_C_LANGUAGE_STANDARD = gnu11;
				GCC_DYNAMIC_NO_PIC = NO;
				GCC_NO_COMMON_BLOCKS = YES;
				GCC_OPTIMIZATION_LEVEL = 0;
				GCC_PREPROCESSOR_DEFINITIONS = (
					"DEBUG=1",
					"$(inherited)",
				);
				GCC_WARN_64_TO_32_BIT_CONVERSION = YES;
				GCC_WARN_ABOUT_RETURN_TYPE = YES_ERROR;
				GCC_WARN_UNDECLARED_SELECTOR = YES;
				GCC_WARN_UNINITIALIZED_AUTOS = YES_AGGRESSIVE;
				GCC_WARN_UNUSED_FUNCTION = YES;
				GCC_WARN_UNUSED_VARIABLE = YES;
				IPHONEOS_DEPLOYMENT_TARGET = 14.0;
				MTL_ENABLE_DEBUG_INFO = INCLUDE_SOURCE;
				MTL_FAST_MATH = YES;
				ONLY_ACTIVE_ARCH = YES;
				SDKROOT = iphoneos;
				SWIFT_ACTIVE_COMPILATION_CONDITIONS = DEBUG;
				SWIFT_OPTIMIZATION_LEVEL = "-Onone";
			};
			name = Debug;
		};
		22D4C38425315BD40028A57D /* Release */ = {
			isa = XCBuildConfiguration;
			buildSettings = {
				ALWAYS_SEARCH_USER_PATHS = NO;
				CLANG_ANALYZER_NONNULL = YES;
				CLANG_ANALYZER_NUMBER_OBJECT_CONVERSION = YES_AGGRESSIVE;
				CLANG_CXX_LANGUAGE_STANDARD = "gnu++14";
				CLANG_CXX_LIBRARY = "libc++";
				CLANG_ENABLE_MODULES = YES;
				CLANG_ENABLE_OBJC_ARC = YES;
				CLANG_ENABLE_OBJC_WEAK = YES;
				CLANG_WARN_BLOCK_CAPTURE_AUTORELEASING = YES;
				CLANG_WARN_BOOL_CONVERSION = YES;
				CLANG_WARN_COMMA = YES;
				CLANG_WARN_CONSTANT_CONVERSION = YES;
				CLANG_WARN_DEPRECATED_OBJC_IMPLEMENTATIONS = YES;
				CLANG_WARN_DIRECT_OBJC_ISA_USAGE = YES_ERROR;
				CLANG_WARN_DOCUMENTATION_COMMENTS = YES;
				CLANG_WARN_EMPTY_BODY = YES;
				CLANG_WARN_ENUM_CONVERSION = YES;
				CLANG_WARN_INFINITE_RECURSION = YES;
				CLANG_WARN_INT_CONVERSION = YES;
				CLANG_WARN_NON_LITERAL_NULL_CONVERSION = YES;
				CLANG_WARN_OBJC_IMPLICIT_RETAIN_SELF = YES;
				CLANG_WARN_OBJC_LITERAL_CONVERSION = YES;
				CLANG_WARN_OBJC_ROOT_CLASS = YES_ERROR;
				CLANG_WARN_QUOTED_INCLUDE_IN_FRAMEWORK_HEADER = YES;
				CLANG_WARN_RANGE_LOOP_ANALYSIS = YES;
				CLANG_WARN_STRICT_PROTOTYPES = YES;
				CLANG_WARN_SUSPICIOUS_MOVE = YES;
				CLANG_WARN_UNGUARDED_AVAILABILITY = YES_AGGRESSIVE;
				CLANG_WARN_UNREACHABLE_CODE = YES;
				CLANG_WARN__DUPLICATE_METHOD_MATCH = YES;
				COPY_PHASE_STRIP = NO;
				DEBUG_INFORMATION_FORMAT = "dwarf-with-dsym";
				DEVELOPMENT_TEAM = 52BV3WUWM2;
				ENABLE_NS_ASSERTIONS = NO;
				ENABLE_STRICT_OBJC_MSGSEND = YES;
				GCC_C_LANGUAGE_STANDARD = gnu11;
				GCC_NO_COMMON_BLOCKS = YES;
				GCC_WARN_64_TO_32_BIT_CONVERSION = YES;
				GCC_WARN_ABOUT_RETURN_TYPE = YES_ERROR;
				GCC_WARN_UNDECLARED_SELECTOR = YES;
				GCC_WARN_UNINITIALIZED_AUTOS = YES_AGGRESSIVE;
				GCC_WARN_UNUSED_FUNCTION = YES;
				GCC_WARN_UNUSED_VARIABLE = YES;
				IPHONEOS_DEPLOYMENT_TARGET = 14.0;
				MTL_ENABLE_DEBUG_INFO = NO;
				MTL_FAST_MATH = YES;
				SDKROOT = iphoneos;
				SWIFT_COMPILATION_MODE = wholemodule;
				SWIFT_OPTIMIZATION_LEVEL = "-O";
				VALIDATE_PRODUCT = YES;
			};
			name = Release;
		};
		22D4C38625315BD40028A57D /* Debug */ = {
			isa = XCBuildConfiguration;
			baseConfigurationReference = C156D97748ADDF9209A16D9C /* Pods-ConnectZen.debug.xcconfig */;
			buildSettings = {
				ASSETCATALOG_COMPILER_APPICON_NAME = AppIcon;
				ASSETCATALOG_COMPILER_GLOBAL_ACCENT_COLOR_NAME = AccentColor;
				CODE_SIGN_ENTITLEMENTS = ConnectZen/ConnectZen.entitlements;
				CODE_SIGN_IDENTITY = "iPhone Developer";
				CODE_SIGN_STYLE = Automatic;
				DEVELOPMENT_TEAM = 52BV3WUWM2;
				INFOPLIST_FILE = ConnectZen/Info.plist;
				LD_RUNPATH_SEARCH_PATHS = (
					"$(inherited)",
					"@executable_path/Frameworks",
				);
				PRODUCT_BUNDLE_IDENTIFIER = com.mamta.ConnectZen;
				PRODUCT_NAME = "$(TARGET_NAME)";
				SWIFT_VERSION = 5.0;
				TARGETED_DEVICE_FAMILY = "1,2";
			};
			name = Debug;
		};
		22D4C38725315BD40028A57D /* Release */ = {
			isa = XCBuildConfiguration;
			baseConfigurationReference = 985C2020BCBA2C044E716B46 /* Pods-ConnectZen.release.xcconfig */;
			buildSettings = {
				ASSETCATALOG_COMPILER_APPICON_NAME = AppIcon;
				ASSETCATALOG_COMPILER_GLOBAL_ACCENT_COLOR_NAME = AccentColor;
				CODE_SIGN_ENTITLEMENTS = ConnectZen/ConnectZen.entitlements;
				CODE_SIGN_IDENTITY = "iPhone Developer";
				CODE_SIGN_STYLE = Automatic;
				DEVELOPMENT_TEAM = 52BV3WUWM2;
				INFOPLIST_FILE = ConnectZen/Info.plist;
				LD_RUNPATH_SEARCH_PATHS = (
					"$(inherited)",
					"@executable_path/Frameworks",
				);
				PRODUCT_BUNDLE_IDENTIFIER = com.mamta.ConnectZen;
				PRODUCT_NAME = "$(TARGET_NAME)";
				SWIFT_VERSION = 5.0;
				TARGETED_DEVICE_FAMILY = "1,2";
			};
			name = Release;
		};
		22D4C38925315BD40028A57D /* Debug */ = {
			isa = XCBuildConfiguration;
			baseConfigurationReference = 7B24EE06C5FBF1EEBCAA8BC6 /* Pods-ConnectZenTests.debug.xcconfig */;
			buildSettings = {
				ALWAYS_EMBED_SWIFT_STANDARD_LIBRARIES = YES;
				BUNDLE_LOADER = "$(TEST_HOST)";
				CODE_SIGN_STYLE = Automatic;
				INFOPLIST_FILE = ConnectZenTests/Info.plist;
				IPHONEOS_DEPLOYMENT_TARGET = 14.0;
				LD_RUNPATH_SEARCH_PATHS = (
					"$(inherited)",
					"@executable_path/Frameworks",
					"@loader_path/Frameworks",
				);
				PRODUCT_BUNDLE_IDENTIFIER = com.mamta.ConnectZenTests;
				PRODUCT_NAME = "$(TARGET_NAME)";
				SWIFT_VERSION = 5.0;
				TARGETED_DEVICE_FAMILY = "1,2";
				TEST_HOST = "$(BUILT_PRODUCTS_DIR)/ConnectZen.app/ConnectZen";
			};
			name = Debug;
		};
		22D4C38A25315BD40028A57D /* Release */ = {
			isa = XCBuildConfiguration;
			baseConfigurationReference = CF8E982FD369E8CD3C665413 /* Pods-ConnectZenTests.release.xcconfig */;
			buildSettings = {
				ALWAYS_EMBED_SWIFT_STANDARD_LIBRARIES = YES;
				BUNDLE_LOADER = "$(TEST_HOST)";
				CODE_SIGN_STYLE = Automatic;
				INFOPLIST_FILE = ConnectZenTests/Info.plist;
				IPHONEOS_DEPLOYMENT_TARGET = 14.0;
				LD_RUNPATH_SEARCH_PATHS = (
					"$(inherited)",
					"@executable_path/Frameworks",
					"@loader_path/Frameworks",
				);
				PRODUCT_BUNDLE_IDENTIFIER = com.mamta.ConnectZenTests;
				PRODUCT_NAME = "$(TARGET_NAME)";
				SWIFT_VERSION = 5.0;
				TARGETED_DEVICE_FAMILY = "1,2";
				TEST_HOST = "$(BUILT_PRODUCTS_DIR)/ConnectZen.app/ConnectZen";
			};
			name = Release;
		};
		22D4C38C25315BD40028A57D /* Debug */ = {
			isa = XCBuildConfiguration;
			baseConfigurationReference = 1554B226CE837EF9EC89D405 /* Pods-ConnectZen-ConnectZenUITests.debug.xcconfig */;
			buildSettings = {
				ALWAYS_EMBED_SWIFT_STANDARD_LIBRARIES = YES;
				CODE_SIGN_STYLE = Automatic;
				INFOPLIST_FILE = ConnectZenUITests/Info.plist;
				LD_RUNPATH_SEARCH_PATHS = (
					"$(inherited)",
					"@executable_path/Frameworks",
					"@loader_path/Frameworks",
				);
				PRODUCT_BUNDLE_IDENTIFIER = com.mamta.ConnectZenUITests;
				PRODUCT_NAME = "$(TARGET_NAME)";
				SWIFT_VERSION = 5.0;
				TARGETED_DEVICE_FAMILY = "1,2";
				TEST_TARGET_NAME = ConnectZen;
			};
			name = Debug;
		};
		22D4C38D25315BD40028A57D /* Release */ = {
			isa = XCBuildConfiguration;
			baseConfigurationReference = 00E53CAD04FBEB55BCD8D31E /* Pods-ConnectZen-ConnectZenUITests.release.xcconfig */;
			buildSettings = {
				ALWAYS_EMBED_SWIFT_STANDARD_LIBRARIES = YES;
				CODE_SIGN_STYLE = Automatic;
				INFOPLIST_FILE = ConnectZenUITests/Info.plist;
				LD_RUNPATH_SEARCH_PATHS = (
					"$(inherited)",
					"@executable_path/Frameworks",
					"@loader_path/Frameworks",
				);
				PRODUCT_BUNDLE_IDENTIFIER = com.mamta.ConnectZenUITests;
				PRODUCT_NAME = "$(TARGET_NAME)";
				SWIFT_VERSION = 5.0;
				TARGETED_DEVICE_FAMILY = "1,2";
				TEST_TARGET_NAME = ConnectZen;
			};
			name = Release;
		};
/* End XCBuildConfiguration section */

/* Begin XCConfigurationList section */
		22D4C35625315BD10028A57D /* Build configuration list for PBXProject "ConnectZen" */ = {
			isa = XCConfigurationList;
			buildConfigurations = (
				22D4C38325315BD40028A57D /* Debug */,
				22D4C38425315BD40028A57D /* Release */,
			);
			defaultConfigurationIsVisible = 0;
			defaultConfigurationName = Release;
		};
		22D4C38525315BD40028A57D /* Build configuration list for PBXNativeTarget "ConnectZen" */ = {
			isa = XCConfigurationList;
			buildConfigurations = (
				22D4C38625315BD40028A57D /* Debug */,
				22D4C38725315BD40028A57D /* Release */,
			);
			defaultConfigurationIsVisible = 0;
			defaultConfigurationName = Release;
		};
		22D4C38825315BD40028A57D /* Build configuration list for PBXNativeTarget "ConnectZenTests" */ = {
			isa = XCConfigurationList;
			buildConfigurations = (
				22D4C38925315BD40028A57D /* Debug */,
				22D4C38A25315BD40028A57D /* Release */,
			);
			defaultConfigurationIsVisible = 0;
			defaultConfigurationName = Release;
		};
		22D4C38B25315BD40028A57D /* Build configuration list for PBXNativeTarget "ConnectZenUITests" */ = {
			isa = XCConfigurationList;
			buildConfigurations = (
				22D4C38C25315BD40028A57D /* Debug */,
				22D4C38D25315BD40028A57D /* Release */,
			);
			defaultConfigurationIsVisible = 0;
			defaultConfigurationName = Release;
		};
/* End XCConfigurationList section */

/* Begin XCRemoteSwiftPackageReference section */
		B69230AA254B573B0009295D /* XCRemoteSwiftPackageReference "facebook-ios-sdk" */ = {
			isa = XCRemoteSwiftPackageReference;
			repositoryURL = "https://github.com/facebook/facebook-ios-sdk";
			requirement = {
				kind = upToNextMajorVersion;
				minimumVersion = 8.1.0;
			};
		};
/* End XCRemoteSwiftPackageReference section */

/* Begin XCSwiftPackageProductDependency section */
		B69230AB254B573C0009295D /* FacebookShare */ = {
			isa = XCSwiftPackageProductDependency;
			package = B69230AA254B573B0009295D /* XCRemoteSwiftPackageReference "facebook-ios-sdk" */;
			productName = FacebookShare;
		};
		B69230AD254B573C0009295D /* FacebookLogin */ = {
			isa = XCSwiftPackageProductDependency;
			package = B69230AA254B573B0009295D /* XCRemoteSwiftPackageReference "facebook-ios-sdk" */;
			productName = FacebookLogin;
		};
		B69230AF254B573C0009295D /* FacebookCore */ = {
			isa = XCSwiftPackageProductDependency;
			package = B69230AA254B573B0009295D /* XCRemoteSwiftPackageReference "facebook-ios-sdk" */;
			productName = FacebookCore;
		};
/* End XCSwiftPackageProductDependency section */
	};
	rootObject = 22D4C35325315BD10028A57D /* Project object */;
}
