// !$*UTF8*$!
{
	archiveVersion = 1;
	classes = {
	};
	objectVersion = 50;
	objects = {

/* Begin PBXBuildFile section */
		22D4C35F25315BD10028A57D /* AppDelegate.swift in Sources */ = {isa = PBXBuildFile; fileRef = 22D4C35E25315BD10028A57D /* AppDelegate.swift */; };
		22D4C36125315BD10028A57D /* SceneDelegate.swift in Sources */ = {isa = PBXBuildFile; fileRef = 22D4C36025315BD10028A57D /* SceneDelegate.swift */; };
		22D4C36325315BD10028A57D /* ViewController.swift in Sources */ = {isa = PBXBuildFile; fileRef = 22D4C36225315BD10028A57D /* ViewController.swift */; };
		22D4C36625315BD10028A57D /* Main.storyboard in Resources */ = {isa = PBXBuildFile; fileRef = 22D4C36425315BD10028A57D /* Main.storyboard */; };
		22D4C36825315BD30028A57D /* Assets.xcassets in Resources */ = {isa = PBXBuildFile; fileRef = 22D4C36725315BD30028A57D /* Assets.xcassets */; };
		22D4C36B25315BD30028A57D /* LaunchScreen.storyboard in Resources */ = {isa = PBXBuildFile; fileRef = 22D4C36925315BD30028A57D /* LaunchScreen.storyboard */; };
		22D4C37625315BD30028A57D /* ConnectZenTests.swift in Sources */ = {isa = PBXBuildFile; fileRef = 22D4C37525315BD30028A57D /* ConnectZenTests.swift */; };
		22D4C38125315BD30028A57D /* ConnectZenUITests.swift in Sources */ = {isa = PBXBuildFile; fileRef = 22D4C38025315BD30028A57D /* ConnectZenUITests.swift */; };
		77F2C1EE13E41343EFCC3E95 /* Pods_ConnectZen_ConnectZenUITests.framework in Frameworks */ = {isa = PBXBuildFile; fileRef = 4D8FDD5D9F6AE682F03FEAA4 /* Pods_ConnectZen_ConnectZenUITests.framework */; };
		7A05CA78DFA8984887D087F7 /* Pods_ConnectZen.framework in Frameworks */ = {isa = PBXBuildFile; fileRef = D4918A1CCBE853FA8306946F /* Pods_ConnectZen.framework */; };
		B6E23B23253B44A200A49EB5 /* GoogleService-Info.plist in Resources */ = {isa = PBXBuildFile; fileRef = B6E23B22253B44A200A49EB5 /* GoogleService-Info.plist */; };
		E8D337CC9E64E2FD7FE2DD43 /* Pods_ConnectZenTests.framework in Frameworks */ = {isa = PBXBuildFile; fileRef = F5B1377633B7F070407862B2 /* Pods_ConnectZenTests.framework */; };
/* End PBXBuildFile section */

/* Begin PBXContainerItemProxy section */
		22D4C37225315BD30028A57D /* PBXContainerItemProxy */ = {
			isa = PBXContainerItemProxy;
			containerPortal = 22D4C35325315BD10028A57D /* Project object */;
			proxyType = 1;
			remoteGlobalIDString = 22D4C35A25315BD10028A57D;
			remoteInfo = ConnectZen;
		};
		22D4C37D25315BD30028A57D /* PBXContainerItemProxy */ = {
			isa = PBXContainerItemProxy;
			containerPortal = 22D4C35325315BD10028A57D /* Project object */;
			proxyType = 1;
			remoteGlobalIDString = 22D4C35A25315BD10028A57D;
			remoteInfo = ConnectZen;
		};
/* End PBXContainerItemProxy section */

/* Begin PBXFileReference section */
		12AF0FD476EBE10B8556373B /* Pods-ConnectZenTests.debug.xcconfig */ = {isa = PBXFileReference; includeInIndex = 1; lastKnownFileType = text.xcconfig; name = "Pods-ConnectZenTests.debug.xcconfig"; path = "Target Support Files/Pods-ConnectZenTests/Pods-ConnectZenTests.debug.xcconfig"; sourceTree = "<group>"; };
		22D4C35B25315BD10028A57D /* ConnectZen.app */ = {isa = PBXFileReference; explicitFileType = wrapper.application; includeInIndex = 0; path = ConnectZen.app; sourceTree = BUILT_PRODUCTS_DIR; };
		22D4C35E25315BD10028A57D /* AppDelegate.swift */ = {isa = PBXFileReference; lastKnownFileType = sourcecode.swift; path = AppDelegate.swift; sourceTree = "<group>"; };
		22D4C36025315BD10028A57D /* SceneDelegate.swift */ = {isa = PBXFileReference; lastKnownFileType = sourcecode.swift; path = SceneDelegate.swift; sourceTree = "<group>"; };
		22D4C36225315BD10028A57D /* ViewController.swift */ = {isa = PBXFileReference; lastKnownFileType = sourcecode.swift; path = ViewController.swift; sourceTree = "<group>"; };
		22D4C36525315BD10028A57D /* Base */ = {isa = PBXFileReference; lastKnownFileType = file.storyboard; name = Base; path = Base.lproj/Main.storyboard; sourceTree = "<group>"; };
		22D4C36725315BD30028A57D /* Assets.xcassets */ = {isa = PBXFileReference; lastKnownFileType = folder.assetcatalog; path = Assets.xcassets; sourceTree = "<group>"; };
		22D4C36A25315BD30028A57D /* Base */ = {isa = PBXFileReference; lastKnownFileType = file.storyboard; name = Base; path = Base.lproj/LaunchScreen.storyboard; sourceTree = "<group>"; };
		22D4C36C25315BD30028A57D /* Info.plist */ = {isa = PBXFileReference; lastKnownFileType = text.plist.xml; path = Info.plist; sourceTree = "<group>"; };
		22D4C37125315BD30028A57D /* ConnectZenTests.xctest */ = {isa = PBXFileReference; explicitFileType = wrapper.cfbundle; includeInIndex = 0; path = ConnectZenTests.xctest; sourceTree = BUILT_PRODUCTS_DIR; };
		22D4C37525315BD30028A57D /* ConnectZenTests.swift */ = {isa = PBXFileReference; lastKnownFileType = sourcecode.swift; path = ConnectZenTests.swift; sourceTree = "<group>"; };
		22D4C37725315BD30028A57D /* Info.plist */ = {isa = PBXFileReference; lastKnownFileType = text.plist.xml; path = Info.plist; sourceTree = "<group>"; };
		22D4C37C25315BD30028A57D /* ConnectZenUITests.xctest */ = {isa = PBXFileReference; explicitFileType = wrapper.cfbundle; includeInIndex = 0; path = ConnectZenUITests.xctest; sourceTree = BUILT_PRODUCTS_DIR; };
		22D4C38025315BD30028A57D /* ConnectZenUITests.swift */ = {isa = PBXFileReference; lastKnownFileType = sourcecode.swift; path = ConnectZenUITests.swift; sourceTree = "<group>"; };
		22D4C38225315BD40028A57D /* Info.plist */ = {isa = PBXFileReference; lastKnownFileType = text.plist.xml; path = Info.plist; sourceTree = "<group>"; };
		31D94E4C6E6501EBA204CE1F /* Pods-ConnectZen.release.xcconfig */ = {isa = PBXFileReference; includeInIndex = 1; lastKnownFileType = text.xcconfig; name = "Pods-ConnectZen.release.xcconfig"; path = "Target Support Files/Pods-ConnectZen/Pods-ConnectZen.release.xcconfig"; sourceTree = "<group>"; };
		4D8FDD5D9F6AE682F03FEAA4 /* Pods_ConnectZen_ConnectZenUITests.framework */ = {isa = PBXFileReference; explicitFileType = wrapper.framework; includeInIndex = 0; path = Pods_ConnectZen_ConnectZenUITests.framework; sourceTree = BUILT_PRODUCTS_DIR; };
		80753EDAC5ED3BF6891A66CF /* Pods-ConnectZen-ConnectZenUITests.debug.xcconfig */ = {isa = PBXFileReference; includeInIndex = 1; lastKnownFileType = text.xcconfig; name = "Pods-ConnectZen-ConnectZenUITests.debug.xcconfig"; path = "Target Support Files/Pods-ConnectZen-ConnectZenUITests/Pods-ConnectZen-ConnectZenUITests.debug.xcconfig"; sourceTree = "<group>"; };
		B6E23B22253B44A200A49EB5 /* GoogleService-Info.plist */ = {isa = PBXFileReference; fileEncoding = 4; lastKnownFileType = text.plist.xml; path = "GoogleService-Info.plist"; sourceTree = "<group>"; };
		D4918A1CCBE853FA8306946F /* Pods_ConnectZen.framework */ = {isa = PBXFileReference; explicitFileType = wrapper.framework; includeInIndex = 0; path = Pods_ConnectZen.framework; sourceTree = BUILT_PRODUCTS_DIR; };
		DDB2102510E90BA8DB241284 /* Pods-ConnectZen-ConnectZenUITests.release.xcconfig */ = {isa = PBXFileReference; includeInIndex = 1; lastKnownFileType = text.xcconfig; name = "Pods-ConnectZen-ConnectZenUITests.release.xcconfig"; path = "Target Support Files/Pods-ConnectZen-ConnectZenUITests/Pods-ConnectZen-ConnectZenUITests.release.xcconfig"; sourceTree = "<group>"; };
		E6730CA479655A020CD9845F /* Pods-ConnectZen.debug.xcconfig */ = {isa = PBXFileReference; includeInIndex = 1; lastKnownFileType = text.xcconfig; name = "Pods-ConnectZen.debug.xcconfig"; path = "Target Support Files/Pods-ConnectZen/Pods-ConnectZen.debug.xcconfig"; sourceTree = "<group>"; };
		E6A9DC9BBDCCA773F73F394F /* Pods-ConnectZenTests.release.xcconfig */ = {isa = PBXFileReference; includeInIndex = 1; lastKnownFileType = text.xcconfig; name = "Pods-ConnectZenTests.release.xcconfig"; path = "Target Support Files/Pods-ConnectZenTests/Pods-ConnectZenTests.release.xcconfig"; sourceTree = "<group>"; };
		F5B1377633B7F070407862B2 /* Pods_ConnectZenTests.framework */ = {isa = PBXFileReference; explicitFileType = wrapper.framework; includeInIndex = 0; path = Pods_ConnectZenTests.framework; sourceTree = BUILT_PRODUCTS_DIR; };
/* End PBXFileReference section */

/* Begin PBXFrameworksBuildPhase section */
		22D4C35825315BD10028A57D /* Frameworks */ = {
			isa = PBXFrameworksBuildPhase;
			buildActionMask = 2147483647;
			files = (
				7A05CA78DFA8984887D087F7 /* Pods_ConnectZen.framework in Frameworks */,
			);
			runOnlyForDeploymentPostprocessing = 0;
		};
		22D4C36E25315BD30028A57D /* Frameworks */ = {
			isa = PBXFrameworksBuildPhase;
			buildActionMask = 2147483647;
			files = (
				E8D337CC9E64E2FD7FE2DD43 /* Pods_ConnectZenTests.framework in Frameworks */,
			);
			runOnlyForDeploymentPostprocessing = 0;
		};
		22D4C37925315BD30028A57D /* Frameworks */ = {
			isa = PBXFrameworksBuildPhase;
			buildActionMask = 2147483647;
			files = (
				77F2C1EE13E41343EFCC3E95 /* Pods_ConnectZen_ConnectZenUITests.framework in Frameworks */,
			);
			runOnlyForDeploymentPostprocessing = 0;
		};
/* End PBXFrameworksBuildPhase section */

/* Begin PBXGroup section */
		116CA92703B06278EF3AE0EE /* Frameworks */ = {
			isa = PBXGroup;
			children = (
				D4918A1CCBE853FA8306946F /* Pods_ConnectZen.framework */,
				4D8FDD5D9F6AE682F03FEAA4 /* Pods_ConnectZen_ConnectZenUITests.framework */,
				F5B1377633B7F070407862B2 /* Pods_ConnectZenTests.framework */,
			);
			name = Frameworks;
			sourceTree = "<group>";
		};
		22D4C35225315BD10028A57D = {
			isa = PBXGroup;
			children = (
				22D4C35D25315BD10028A57D /* ConnectZen */,
				22D4C37425315BD30028A57D /* ConnectZenTests */,
				22D4C37F25315BD30028A57D /* ConnectZenUITests */,
				22D4C35C25315BD10028A57D /* Products */,
				9ABA95C368213C685B5B64F3 /* Pods */,
				116CA92703B06278EF3AE0EE /* Frameworks */,
			);
			sourceTree = "<group>";
		};
		22D4C35C25315BD10028A57D /* Products */ = {
			isa = PBXGroup;
			children = (
				22D4C35B25315BD10028A57D /* ConnectZen.app */,
				22D4C37125315BD30028A57D /* ConnectZenTests.xctest */,
				22D4C37C25315BD30028A57D /* ConnectZenUITests.xctest */,
			);
			name = Products;
			sourceTree = "<group>";
		};
		22D4C35D25315BD10028A57D /* ConnectZen */ = {
			isa = PBXGroup;
			children = (
				22D4C35E25315BD10028A57D /* AppDelegate.swift */,
				22D4C36025315BD10028A57D /* SceneDelegate.swift */,
				22D4C36225315BD10028A57D /* ViewController.swift */,
				22D4C36425315BD10028A57D /* Main.storyboard */,
				22D4C36725315BD30028A57D /* Assets.xcassets */,
				22D4C36925315BD30028A57D /* LaunchScreen.storyboard */,
				22D4C36C25315BD30028A57D /* Info.plist */,
				B6E23B22253B44A200A49EB5 /* GoogleService-Info.plist */,
			);
			path = ConnectZen;
			sourceTree = "<group>";
		};
		22D4C37425315BD30028A57D /* ConnectZenTests */ = {
			isa = PBXGroup;
			children = (
				22D4C37525315BD30028A57D /* ConnectZenTests.swift */,
				22D4C37725315BD30028A57D /* Info.plist */,
			);
			path = ConnectZenTests;
			sourceTree = "<group>";
		};
		22D4C37F25315BD30028A57D /* ConnectZenUITests */ = {
			isa = PBXGroup;
			children = (
				22D4C38025315BD30028A57D /* ConnectZenUITests.swift */,
				22D4C38225315BD40028A57D /* Info.plist */,
			);
			path = ConnectZenUITests;
			sourceTree = "<group>";
		};
		9ABA95C368213C685B5B64F3 /* Pods */ = {
			isa = PBXGroup;
			children = (
				E6730CA479655A020CD9845F /* Pods-ConnectZen.debug.xcconfig */,
				31D94E4C6E6501EBA204CE1F /* Pods-ConnectZen.release.xcconfig */,
				80753EDAC5ED3BF6891A66CF /* Pods-ConnectZen-ConnectZenUITests.debug.xcconfig */,
				DDB2102510E90BA8DB241284 /* Pods-ConnectZen-ConnectZenUITests.release.xcconfig */,
				12AF0FD476EBE10B8556373B /* Pods-ConnectZenTests.debug.xcconfig */,
				E6A9DC9BBDCCA773F73F394F /* Pods-ConnectZenTests.release.xcconfig */,
			);
			name = Pods;
			path = Pods;
			sourceTree = "<group>";
		};
/* End PBXGroup section */

/* Begin PBXNativeTarget section */
		22D4C35A25315BD10028A57D /* ConnectZen */ = {
			isa = PBXNativeTarget;
			buildConfigurationList = 22D4C38525315BD40028A57D /* Build configuration list for PBXNativeTarget "ConnectZen" */;
			buildPhases = (
				D8C099CE3B8D82D30888B96B /* [CP] Check Pods Manifest.lock */,
				22D4C35725315BD10028A57D /* Sources */,
				22D4C35825315BD10028A57D /* Frameworks */,
				22D4C35925315BD10028A57D /* Resources */,
				FCC77709536BBFFE269302FE /* [CP] Embed Pods Frameworks */,
			);
			buildRules = (
			);
			dependencies = (
			);
			name = ConnectZen;
			productName = ConnectZen;
			productReference = 22D4C35B25315BD10028A57D /* ConnectZen.app */;
			productType = "com.apple.product-type.application";
		};
		22D4C37025315BD30028A57D /* ConnectZenTests */ = {
			isa = PBXNativeTarget;
			buildConfigurationList = 22D4C38825315BD40028A57D /* Build configuration list for PBXNativeTarget "ConnectZenTests" */;
			buildPhases = (
				A7CB0C96AA78509B1699A9B2 /* [CP] Check Pods Manifest.lock */,
				22D4C36D25315BD30028A57D /* Sources */,
				22D4C36E25315BD30028A57D /* Frameworks */,
				22D4C36F25315BD30028A57D /* Resources */,
			);
			buildRules = (
			);
			dependencies = (
				22D4C37325315BD30028A57D /* PBXTargetDependency */,
			);
			name = ConnectZenTests;
			productName = ConnectZenTests;
			productReference = 22D4C37125315BD30028A57D /* ConnectZenTests.xctest */;
			productType = "com.apple.product-type.bundle.unit-test";
		};
		22D4C37B25315BD30028A57D /* ConnectZenUITests */ = {
			isa = PBXNativeTarget;
			buildConfigurationList = 22D4C38B25315BD40028A57D /* Build configuration list for PBXNativeTarget "ConnectZenUITests" */;
			buildPhases = (
				55FCC28203EAFC52B2E512EA /* [CP] Check Pods Manifest.lock */,
				22D4C37825315BD30028A57D /* Sources */,
				22D4C37925315BD30028A57D /* Frameworks */,
				22D4C37A25315BD30028A57D /* Resources */,
				0E558F1C08FA3FA89A4938A1 /* [CP] Embed Pods Frameworks */,
			);
			buildRules = (
			);
			dependencies = (
				22D4C37E25315BD30028A57D /* PBXTargetDependency */,
			);
			name = ConnectZenUITests;
			productName = ConnectZenUITests;
			productReference = 22D4C37C25315BD30028A57D /* ConnectZenUITests.xctest */;
			productType = "com.apple.product-type.bundle.ui-testing";
		};
/* End PBXNativeTarget section */

/* Begin PBXProject section */
		22D4C35325315BD10028A57D /* Project object */ = {
			isa = PBXProject;
			attributes = {
				LastSwiftUpdateCheck = 1200;
				LastUpgradeCheck = 1200;
				TargetAttributes = {
					22D4C35A25315BD10028A57D = {
						CreatedOnToolsVersion = 12.0.1;
					};
					22D4C37025315BD30028A57D = {
						CreatedOnToolsVersion = 12.0.1;
						TestTargetID = 22D4C35A25315BD10028A57D;
					};
					22D4C37B25315BD30028A57D = {
						CreatedOnToolsVersion = 12.0.1;
						TestTargetID = 22D4C35A25315BD10028A57D;
					};
				};
			};
			buildConfigurationList = 22D4C35625315BD10028A57D /* Build configuration list for PBXProject "ConnectZen" */;
			compatibilityVersion = "Xcode 9.3";
			developmentRegion = en;
			hasScannedForEncodings = 0;
			knownRegions = (
				en,
				Base,
			);
			mainGroup = 22D4C35225315BD10028A57D;
			productRefGroup = 22D4C35C25315BD10028A57D /* Products */;
			projectDirPath = "";
			projectRoot = "";
			targets = (
				22D4C35A25315BD10028A57D /* ConnectZen */,
				22D4C37025315BD30028A57D /* ConnectZenTests */,
				22D4C37B25315BD30028A57D /* ConnectZenUITests */,
			);
		};
/* End PBXProject section */

/* Begin PBXResourcesBuildPhase section */
		22D4C35925315BD10028A57D /* Resources */ = {
			isa = PBXResourcesBuildPhase;
			buildActionMask = 2147483647;
			files = (
				22D4C36B25315BD30028A57D /* LaunchScreen.storyboard in Resources */,
				B6E23B23253B44A200A49EB5 /* GoogleService-Info.plist in Resources */,
				22D4C36825315BD30028A57D /* Assets.xcassets in Resources */,
				22D4C36625315BD10028A57D /* Main.storyboard in Resources */,
			);
			runOnlyForDeploymentPostprocessing = 0;
		};
		22D4C36F25315BD30028A57D /* Resources */ = {
			isa = PBXResourcesBuildPhase;
			buildActionMask = 2147483647;
			files = (
			);
			runOnlyForDeploymentPostprocessing = 0;
		};
		22D4C37A25315BD30028A57D /* Resources */ = {
			isa = PBXResourcesBuildPhase;
			buildActionMask = 2147483647;
			files = (
			);
			runOnlyForDeploymentPostprocessing = 0;
		};
/* End PBXResourcesBuildPhase section */

/* Begin PBXShellScriptBuildPhase section */
		0E558F1C08FA3FA89A4938A1 /* [CP] Embed Pods Frameworks */ = {
			isa = PBXShellScriptBuildPhase;
			buildActionMask = 2147483647;
			files = (
			);
			inputFileListPaths = (
				"${PODS_ROOT}/Target Support Files/Pods-ConnectZen-ConnectZenUITests/Pods-ConnectZen-ConnectZenUITests-frameworks-${CONFIGURATION}-input-files.xcfilelist",
			);
			name = "[CP] Embed Pods Frameworks";
			outputFileListPaths = (
				"${PODS_ROOT}/Target Support Files/Pods-ConnectZen-ConnectZenUITests/Pods-ConnectZen-ConnectZenUITests-frameworks-${CONFIGURATION}-output-files.xcfilelist",
			);
			runOnlyForDeploymentPostprocessing = 0;
			shellPath = /bin/sh;
			shellScript = "\"${PODS_ROOT}/Target Support Files/Pods-ConnectZen-ConnectZenUITests/Pods-ConnectZen-ConnectZenUITests-frameworks.sh\"\n";
			showEnvVarsInLog = 0;
		};
		55FCC28203EAFC52B2E512EA /* [CP] Check Pods Manifest.lock */ = {
			isa = PBXShellScriptBuildPhase;
			buildActionMask = 2147483647;
			files = (
			);
			inputFileListPaths = (
			);
			inputPaths = (
				"${PODS_PODFILE_DIR_PATH}/Podfile.lock",
				"${PODS_ROOT}/Manifest.lock",
			);
			name = "[CP] Check Pods Manifest.lock";
			outputFileListPaths = (
			);
			outputPaths = (
				"$(DERIVED_FILE_DIR)/Pods-ConnectZen-ConnectZenUITests-checkManifestLockResult.txt",
			);
			runOnlyForDeploymentPostprocessing = 0;
			shellPath = /bin/sh;
			shellScript = "diff \"${PODS_PODFILE_DIR_PATH}/Podfile.lock\" \"${PODS_ROOT}/Manifest.lock\" > /dev/null\nif [ $? != 0 ] ; then\n    # print error to STDERR\n    echo \"error: The sandbox is not in sync with the Podfile.lock. Run 'pod install' or update your CocoaPods installation.\" >&2\n    exit 1\nfi\n# This output is used by Xcode 'outputs' to avoid re-running this script phase.\necho \"SUCCESS\" > \"${SCRIPT_OUTPUT_FILE_0}\"\n";
			showEnvVarsInLog = 0;
		};
		A7CB0C96AA78509B1699A9B2 /* [CP] Check Pods Manifest.lock */ = {
			isa = PBXShellScriptBuildPhase;
			buildActionMask = 2147483647;
			files = (
			);
			inputFileListPaths = (
			);
			inputPaths = (
				"${PODS_PODFILE_DIR_PATH}/Podfile.lock",
				"${PODS_ROOT}/Manifest.lock",
			);
			name = "[CP] Check Pods Manifest.lock";
			outputFileListPaths = (
			);
			outputPaths = (
				"$(DERIVED_FILE_DIR)/Pods-ConnectZenTests-checkManifestLockResult.txt",
			);
			runOnlyForDeploymentPostprocessing = 0;
			shellPath = /bin/sh;
			shellScript = "diff \"${PODS_PODFILE_DIR_PATH}/Podfile.lock\" \"${PODS_ROOT}/Manifest.lock\" > /dev/null\nif [ $? != 0 ] ; then\n    # print error to STDERR\n    echo \"error: The sandbox is not in sync with the Podfile.lock. Run 'pod install' or update your CocoaPods installation.\" >&2\n    exit 1\nfi\n# This output is used by Xcode 'outputs' to avoid re-running this script phase.\necho \"SUCCESS\" > \"${SCRIPT_OUTPUT_FILE_0}\"\n";
			showEnvVarsInLog = 0;
		};
		D8C099CE3B8D82D30888B96B /* [CP] Check Pods Manifest.lock */ = {
			isa = PBXShellScriptBuildPhase;
			buildActionMask = 2147483647;
			files = (
			);
			inputFileListPaths = (
			);
			inputPaths = (
				"${PODS_PODFILE_DIR_PATH}/Podfile.lock",
				"${PODS_ROOT}/Manifest.lock",
			);
			name = "[CP] Check Pods Manifest.lock";
			outputFileListPaths = (
			);
			outputPaths = (
				"$(DERIVED_FILE_DIR)/Pods-ConnectZen-checkManifestLockResult.txt",
			);
			runOnlyForDeploymentPostprocessing = 0;
			shellPath = /bin/sh;
			shellScript = "diff \"${PODS_PODFILE_DIR_PATH}/Podfile.lock\" \"${PODS_ROOT}/Manifest.lock\" > /dev/null\nif [ $? != 0 ] ; then\n    # print error to STDERR\n    echo \"error: The sandbox is not in sync with the Podfile.lock. Run 'pod install' or update your CocoaPods installation.\" >&2\n    exit 1\nfi\n# This output is used by Xcode 'outputs' to avoid re-running this script phase.\necho \"SUCCESS\" > \"${SCRIPT_OUTPUT_FILE_0}\"\n";
			showEnvVarsInLog = 0;
		};
		FCC77709536BBFFE269302FE /* [CP] Embed Pods Frameworks */ = {
			isa = PBXShellScriptBuildPhase;
			buildActionMask = 2147483647;
			files = (
			);
			inputFileListPaths = (
				"${PODS_ROOT}/Target Support Files/Pods-ConnectZen/Pods-ConnectZen-frameworks-${CONFIGURATION}-input-files.xcfilelist",
			);
			name = "[CP] Embed Pods Frameworks";
			outputFileListPaths = (
				"${PODS_ROOT}/Target Support Files/Pods-ConnectZen/Pods-ConnectZen-frameworks-${CONFIGURATION}-output-files.xcfilelist",
			);
			runOnlyForDeploymentPostprocessing = 0;
			shellPath = /bin/sh;
			shellScript = "\"${PODS_ROOT}/Target Support Files/Pods-ConnectZen/Pods-ConnectZen-frameworks.sh\"\n";
			showEnvVarsInLog = 0;
		};
/* End PBXShellScriptBuildPhase section */

/* Begin PBXSourcesBuildPhase section */
		22D4C35725315BD10028A57D /* Sources */ = {
			isa = PBXSourcesBuildPhase;
			buildActionMask = 2147483647;
			files = (
				22D4C36325315BD10028A57D /* ViewController.swift in Sources */,
				22D4C35F25315BD10028A57D /* AppDelegate.swift in Sources */,
				22D4C36125315BD10028A57D /* SceneDelegate.swift in Sources */,
			);
			runOnlyForDeploymentPostprocessing = 0;
		};
		22D4C36D25315BD30028A57D /* Sources */ = {
			isa = PBXSourcesBuildPhase;
			buildActionMask = 2147483647;
			files = (
				22D4C37625315BD30028A57D /* ConnectZenTests.swift in Sources */,
			);
			runOnlyForDeploymentPostprocessing = 0;
		};
		22D4C37825315BD30028A57D /* Sources */ = {
			isa = PBXSourcesBuildPhase;
			buildActionMask = 2147483647;
			files = (
				22D4C38125315BD30028A57D /* ConnectZenUITests.swift in Sources */,
			);
			runOnlyForDeploymentPostprocessing = 0;
		};
/* End PBXSourcesBuildPhase section */

/* Begin PBXTargetDependency section */
		22D4C37325315BD30028A57D /* PBXTargetDependency */ = {
			isa = PBXTargetDependency;
			target = 22D4C35A25315BD10028A57D /* ConnectZen */;
			targetProxy = 22D4C37225315BD30028A57D /* PBXContainerItemProxy */;
		};
		22D4C37E25315BD30028A57D /* PBXTargetDependency */ = {
			isa = PBXTargetDependency;
			target = 22D4C35A25315BD10028A57D /* ConnectZen */;
			targetProxy = 22D4C37D25315BD30028A57D /* PBXContainerItemProxy */;
		};
/* End PBXTargetDependency section */

/* Begin PBXVariantGroup section */
		22D4C36425315BD10028A57D /* Main.storyboard */ = {
			isa = PBXVariantGroup;
			children = (
				22D4C36525315BD10028A57D /* Base */,
			);
			name = Main.storyboard;
			sourceTree = "<group>";
		};
		22D4C36925315BD30028A57D /* LaunchScreen.storyboard */ = {
			isa = PBXVariantGroup;
			children = (
				22D4C36A25315BD30028A57D /* Base */,
			);
			name = LaunchScreen.storyboard;
			sourceTree = "<group>";
		};
/* End PBXVariantGroup section */

/* Begin XCBuildConfiguration section */
		22D4C38325315BD40028A57D /* Debug */ = {
			isa = XCBuildConfiguration;
			buildSettings = {
				ALWAYS_SEARCH_USER_PATHS = NO;
				CLANG_ANALYZER_NONNULL = YES;
				CLANG_ANALYZER_NUMBER_OBJECT_CONVERSION = YES_AGGRESSIVE;
				CLANG_CXX_LANGUAGE_STANDARD = "gnu++14";
				CLANG_CXX_LIBRARY = "libc++";
				CLANG_ENABLE_MODULES = YES;
				CLANG_ENABLE_OBJC_ARC = YES;
				CLANG_ENABLE_OBJC_WEAK = YES;
				CLANG_WARN_BLOCK_CAPTURE_AUTORELEASING = YES;
				CLANG_WARN_BOOL_CONVERSION = YES;
				CLANG_WARN_COMMA = YES;
				CLANG_WARN_CONSTANT_CONVERSION = YES;
				CLANG_WARN_DEPRECATED_OBJC_IMPLEMENTATIONS = YES;
				CLANG_WARN_DIRECT_OBJC_ISA_USAGE = YES_ERROR;
				CLANG_WARN_DOCUMENTATION_COMMENTS = YES;
				CLANG_WARN_EMPTY_BODY = YES;
				CLANG_WARN_ENUM_CONVERSION = YES;
				CLANG_WARN_INFINITE_RECURSION = YES;
				CLANG_WARN_INT_CONVERSION = YES;
				CLANG_WARN_NON_LITERAL_NULL_CONVERSION = YES;
				CLANG_WARN_OBJC_IMPLICIT_RETAIN_SELF = YES;
				CLANG_WARN_OBJC_LITERAL_CONVERSION = YES;
				CLANG_WARN_OBJC_ROOT_CLASS = YES_ERROR;
				CLANG_WARN_QUOTED_INCLUDE_IN_FRAMEWORK_HEADER = YES;
				CLANG_WARN_RANGE_LOOP_ANALYSIS = YES;
				CLANG_WARN_STRICT_PROTOTYPES = YES;
				CLANG_WARN_SUSPICIOUS_MOVE = YES;
				CLANG_WARN_UNGUARDED_AVAILABILITY = YES_AGGRESSIVE;
				CLANG_WARN_UNREACHABLE_CODE = YES;
				CLANG_WARN__DUPLICATE_METHOD_MATCH = YES;
				COPY_PHASE_STRIP = NO;
				DEBUG_INFORMATION_FORMAT = dwarf;
				ENABLE_STRICT_OBJC_MSGSEND = YES;
				ENABLE_TESTABILITY = YES;
				GCC_C_LANGUAGE_STANDARD = gnu11;
				GCC_DYNAMIC_NO_PIC = NO;
				GCC_NO_COMMON_BLOCKS = YES;
				GCC_OPTIMIZATION_LEVEL = 0;
				GCC_PREPROCESSOR_DEFINITIONS = (
					"DEBUG=1",
					"$(inherited)",
				);
				GCC_WARN_64_TO_32_BIT_CONVERSION = YES;
				GCC_WARN_ABOUT_RETURN_TYPE = YES_ERROR;
				GCC_WARN_UNDECLARED_SELECTOR = YES;
				GCC_WARN_UNINITIALIZED_AUTOS = YES_AGGRESSIVE;
				GCC_WARN_UNUSED_FUNCTION = YES;
				GCC_WARN_UNUSED_VARIABLE = YES;
				IPHONEOS_DEPLOYMENT_TARGET = 14.0;
				MTL_ENABLE_DEBUG_INFO = INCLUDE_SOURCE;
				MTL_FAST_MATH = YES;
				ONLY_ACTIVE_ARCH = YES;
				SDKROOT = iphoneos;
				SWIFT_ACTIVE_COMPILATION_CONDITIONS = DEBUG;
				SWIFT_OPTIMIZATION_LEVEL = "-Onone";
			};
			name = Debug;
		};
		22D4C38425315BD40028A57D /* Release */ = {
			isa = XCBuildConfiguration;
			buildSettings = {
				ALWAYS_SEARCH_USER_PATHS = NO;
				CLANG_ANALYZER_NONNULL = YES;
				CLANG_ANALYZER_NUMBER_OBJECT_CONVERSION = YES_AGGRESSIVE;
				CLANG_CXX_LANGUAGE_STANDARD = "gnu++14";
				CLANG_CXX_LIBRARY = "libc++";
				CLANG_ENABLE_MODULES = YES;
				CLANG_ENABLE_OBJC_ARC = YES;
				CLANG_ENABLE_OBJC_WEAK = YES;
				CLANG_WARN_BLOCK_CAPTURE_AUTORELEASING = YES;
				CLANG_WARN_BOOL_CONVERSION = YES;
				CLANG_WARN_COMMA = YES;
				CLANG_WARN_CONSTANT_CONVERSION = YES;
				CLANG_WARN_DEPRECATED_OBJC_IMPLEMENTATIONS = YES;
				CLANG_WARN_DIRECT_OBJC_ISA_USAGE = YES_ERROR;
				CLANG_WARN_DOCUMENTATION_COMMENTS = YES;
				CLANG_WARN_EMPTY_BODY = YES;
				CLANG_WARN_ENUM_CONVERSION = YES;
				CLANG_WARN_INFINITE_RECURSION = YES;
				CLANG_WARN_INT_CONVERSION = YES;
				CLANG_WARN_NON_LITERAL_NULL_CONVERSION = YES;
				CLANG_WARN_OBJC_IMPLICIT_RETAIN_SELF = YES;
				CLANG_WARN_OBJC_LITERAL_CONVERSION = YES;
				CLANG_WARN_OBJC_ROOT_CLASS = YES_ERROR;
				CLANG_WARN_QUOTED_INCLUDE_IN_FRAMEWORK_HEADER = YES;
				CLANG_WARN_RANGE_LOOP_ANALYSIS = YES;
				CLANG_WARN_STRICT_PROTOTYPES = YES;
				CLANG_WARN_SUSPICIOUS_MOVE = YES;
				CLANG_WARN_UNGUARDED_AVAILABILITY = YES_AGGRESSIVE;
				CLANG_WARN_UNREACHABLE_CODE = YES;
				CLANG_WARN__DUPLICATE_METHOD_MATCH = YES;
				COPY_PHASE_STRIP = NO;
				DEBUG_INFORMATION_FORMAT = "dwarf-with-dsym";
				ENABLE_NS_ASSERTIONS = NO;
				ENABLE_STRICT_OBJC_MSGSEND = YES;
				GCC_C_LANGUAGE_STANDARD = gnu11;
				GCC_NO_COMMON_BLOCKS = YES;
				GCC_WARN_64_TO_32_BIT_CONVERSION = YES;
				GCC_WARN_ABOUT_RETURN_TYPE = YES_ERROR;
				GCC_WARN_UNDECLARED_SELECTOR = YES;
				GCC_WARN_UNINITIALIZED_AUTOS = YES_AGGRESSIVE;
				GCC_WARN_UNUSED_FUNCTION = YES;
				GCC_WARN_UNUSED_VARIABLE = YES;
				IPHONEOS_DEPLOYMENT_TARGET = 14.0;
				MTL_ENABLE_DEBUG_INFO = NO;
				MTL_FAST_MATH = YES;
				SDKROOT = iphoneos;
				SWIFT_COMPILATION_MODE = wholemodule;
				SWIFT_OPTIMIZATION_LEVEL = "-O";
				VALIDATE_PRODUCT = YES;
			};
			name = Release;
		};
		22D4C38625315BD40028A57D /* Debug */ = {
			isa = XCBuildConfiguration;
			baseConfigurationReference = E6730CA479655A020CD9845F /* Pods-ConnectZen.debug.xcconfig */;
			buildSettings = {
				ASSETCATALOG_COMPILER_APPICON_NAME = AppIcon;
				ASSETCATALOG_COMPILER_GLOBAL_ACCENT_COLOR_NAME = AccentColor;
				CODE_SIGN_STYLE = Automatic;
				INFOPLIST_FILE = ConnectZen/Info.plist;
				LD_RUNPATH_SEARCH_PATHS = (
					"$(inherited)",
					"@executable_path/Frameworks",
				);
				PRODUCT_BUNDLE_IDENTIFIER = com.mamta.ConnectZen;
				PRODUCT_NAME = "$(TARGET_NAME)";
				SWIFT_VERSION = 5.0;
				TARGETED_DEVICE_FAMILY = "1,2";
			};
			name = Debug;
		};
		22D4C38725315BD40028A57D /* Release */ = {
			isa = XCBuildConfiguration;
			baseConfigurationReference = 31D94E4C6E6501EBA204CE1F /* Pods-ConnectZen.release.xcconfig */;
			buildSettings = {
				ASSETCATALOG_COMPILER_APPICON_NAME = AppIcon;
				ASSETCATALOG_COMPILER_GLOBAL_ACCENT_COLOR_NAME = AccentColor;
				CODE_SIGN_STYLE = Automatic;
				INFOPLIST_FILE = ConnectZen/Info.plist;
				LD_RUNPATH_SEARCH_PATHS = (
					"$(inherited)",
					"@executable_path/Frameworks",
				);
				PRODUCT_BUNDLE_IDENTIFIER = com.mamta.ConnectZen;
				PRODUCT_NAME = "$(TARGET_NAME)";
				SWIFT_VERSION = 5.0;
				TARGETED_DEVICE_FAMILY = "1,2";
			};
			name = Release;
		};
		22D4C38925315BD40028A57D /* Debug */ = {
			isa = XCBuildConfiguration;
			baseConfigurationReference = 12AF0FD476EBE10B8556373B /* Pods-ConnectZenTests.debug.xcconfig */;
			buildSettings = {
				ALWAYS_EMBED_SWIFT_STANDARD_LIBRARIES = YES;
				BUNDLE_LOADER = "$(TEST_HOST)";
				CODE_SIGN_STYLE = Automatic;
				INFOPLIST_FILE = ConnectZenTests/Info.plist;
				IPHONEOS_DEPLOYMENT_TARGET = 14.0;
				LD_RUNPATH_SEARCH_PATHS = (
					"$(inherited)",
					"@executable_path/Frameworks",
					"@loader_path/Frameworks",
				);
				PRODUCT_BUNDLE_IDENTIFIER = com.mamta.ConnectZenTests;
				PRODUCT_NAME = "$(TARGET_NAME)";
				SWIFT_VERSION = 5.0;
				TARGETED_DEVICE_FAMILY = "1,2";
				TEST_HOST = "$(BUILT_PRODUCTS_DIR)/ConnectZen.app/ConnectZen";
			};
			name = Debug;
		};
		22D4C38A25315BD40028A57D /* Release */ = {
			isa = XCBuildConfiguration;
			baseConfigurationReference = E6A9DC9BBDCCA773F73F394F /* Pods-ConnectZenTests.release.xcconfig */;
			buildSettings = {
				ALWAYS_EMBED_SWIFT_STANDARD_LIBRARIES = YES;
				BUNDLE_LOADER = "$(TEST_HOST)";
				CODE_SIGN_STYLE = Automatic;
				INFOPLIST_FILE = ConnectZenTests/Info.plist;
				IPHONEOS_DEPLOYMENT_TARGET = 14.0;
				LD_RUNPATH_SEARCH_PATHS = (
					"$(inherited)",
					"@executable_path/Frameworks",
					"@loader_path/Frameworks",
				);
				PRODUCT_BUNDLE_IDENTIFIER = com.mamta.ConnectZenTests;
				PRODUCT_NAME = "$(TARGET_NAME)";
				SWIFT_VERSION = 5.0;
				TARGETED_DEVICE_FAMILY = "1,2";
				TEST_HOST = "$(BUILT_PRODUCTS_DIR)/ConnectZen.app/ConnectZen";
			};
			name = Release;
		};
		22D4C38C25315BD40028A57D /* Debug */ = {
			isa = XCBuildConfiguration;
			baseConfigurationReference = 80753EDAC5ED3BF6891A66CF /* Pods-ConnectZen-ConnectZenUITests.debug.xcconfig */;
			buildSettings = {
				ALWAYS_EMBED_SWIFT_STANDARD_LIBRARIES = YES;
				CODE_SIGN_STYLE = Automatic;
				INFOPLIST_FILE = ConnectZenUITests/Info.plist;
				LD_RUNPATH_SEARCH_PATHS = (
					"$(inherited)",
					"@executable_path/Frameworks",
					"@loader_path/Frameworks",
				);
				PRODUCT_BUNDLE_IDENTIFIER = com.mamta.ConnectZenUITests;
				PRODUCT_NAME = "$(TARGET_NAME)";
				SWIFT_VERSION = 5.0;
				TARGETED_DEVICE_FAMILY = "1,2";
				TEST_TARGET_NAME = ConnectZen;
			};
			name = Debug;
		};
		22D4C38D25315BD40028A57D /* Release */ = {
			isa = XCBuildConfiguration;
			baseConfigurationReference = DDB2102510E90BA8DB241284 /* Pods-ConnectZen-ConnectZenUITests.release.xcconfig */;
			buildSettings = {
				ALWAYS_EMBED_SWIFT_STANDARD_LIBRARIES = YES;
				CODE_SIGN_STYLE = Automatic;
				INFOPLIST_FILE = ConnectZenUITests/Info.plist;
				LD_RUNPATH_SEARCH_PATHS = (
					"$(inherited)",
					"@executable_path/Frameworks",
					"@loader_path/Frameworks",
				);
				PRODUCT_BUNDLE_IDENTIFIER = com.mamta.ConnectZenUITests;
				PRODUCT_NAME = "$(TARGET_NAME)";
				SWIFT_VERSION = 5.0;
				TARGETED_DEVICE_FAMILY = "1,2";
				TEST_TARGET_NAME = ConnectZen;
			};
			name = Release;
		};
/* End XCBuildConfiguration section */

/* Begin XCConfigurationList section */
		22D4C35625315BD10028A57D /* Build configuration list for PBXProject "ConnectZen" */ = {
			isa = XCConfigurationList;
			buildConfigurations = (
				22D4C38325315BD40028A57D /* Debug */,
				22D4C38425315BD40028A57D /* Release */,
			);
			defaultConfigurationIsVisible = 0;
			defaultConfigurationName = Release;
		};
		22D4C38525315BD40028A57D /* Build configuration list for PBXNativeTarget "ConnectZen" */ = {
			isa = XCConfigurationList;
			buildConfigurations = (
				22D4C38625315BD40028A57D /* Debug */,
				22D4C38725315BD40028A57D /* Release */,
			);
			defaultConfigurationIsVisible = 0;
			defaultConfigurationName = Release;
		};
		22D4C38825315BD40028A57D /* Build configuration list for PBXNativeTarget "ConnectZenTests" */ = {
			isa = XCConfigurationList;
			buildConfigurations = (
				22D4C38925315BD40028A57D /* Debug */,
				22D4C38A25315BD40028A57D /* Release */,
			);
			defaultConfigurationIsVisible = 0;
			defaultConfigurationName = Release;
		};
		22D4C38B25315BD40028A57D /* Build configuration list for PBXNativeTarget "ConnectZenUITests" */ = {
			isa = XCConfigurationList;
			buildConfigurations = (
				22D4C38C25315BD40028A57D /* Debug */,
				22D4C38D25315BD40028A57D /* Release */,
			);
			defaultConfigurationIsVisible = 0;
			defaultConfigurationName = Release;
		};
/* End XCConfigurationList section */
	};
	rootObject = 22D4C35325315BD10028A57D /* Project object */;
}
